
Microsoft Visual Studio Solution File, Format Version 12.00
# Visual Studio 15
VisualStudioVersion = 15.0.28307.1800
MinimumVisualStudioVersion = 10.0.40219.1
Project("{9A19103F-16F7-4668-BE54-9A1E7A4F7556}") = "AutoShop", "AutoShop\AutoShop.csproj", "{FBD79239-C264-4146-B506-098119F923E9}"
EndProject
Project("{9A19103F-16F7-4668-BE54-9A1E7A4F7556}") = "Probe", "Probe\Probe.csproj", "{7FEED4BD-045C-4B49-AED5-C20FECFA79DD}"
EndProject
Project("{9A19103F-16F7-4668-BE54-9A1E7A4F7556}") = "DI_example", "DI_example\DI_example.csproj", "{F8391395-C772-486F-9277-182D52DAD6BE}"
EndProject
Global
	GlobalSection(SolutionConfigurationPlatforms) = preSolution
		Debug|Any CPU = Debug|Any CPU
		Release|Any CPU = Release|Any CPU
	EndGlobalSection
	GlobalSection(ProjectConfigurationPlatforms) = postSolution
		{FBD79239-C264-4146-B506-098119F923E9}.Debug|Any CPU.ActiveCfg = Debug|Any CPU
		{FBD79239-C264-4146-B506-098119F923E9}.Debug|Any CPU.Build.0 = Debug|Any CPU
		{FBD79239-C264-4146-B506-098119F923E9}.Release|Any CPU.ActiveCfg = Release|Any CPU
		{FBD79239-C264-4146-B506-098119F923E9}.Release|Any CPU.Build.0 = Release|Any CPU
		{7FEED4BD-045C-4B49-AED5-C20FECFA79DD}.Debug|Any CPU.ActiveCfg = Debug|Any CPU
		{7FEED4BD-045C-4B49-AED5-C20FECFA79DD}.Debug|Any CPU.Build.0 = Debug|Any CPU
		{7FEED4BD-045C-4B49-AED5-C20FECFA79DD}.Release|Any CPU.ActiveCfg = Release|Any CPU
		{7FEED4BD-045C-4B49-AED5-C20FECFA79DD}.Release|Any CPU.Build.0 = Release|Any CPU
		{F8391395-C772-486F-9277-182D52DAD6BE}.Debug|Any CPU.ActiveCfg = Debug|Any CPU
		{F8391395-C772-486F-9277-182D52DAD6BE}.Debug|Any CPU.Build.0 = Debug|Any CPU
		{F8391395-C772-486F-9277-182D52DAD6BE}.Release|Any CPU.ActiveCfg = Release|Any CPU
		{F8391395-C772-486F-9277-182D52DAD6BE}.Release|Any CPU.Build.0 = Release|Any CPU
	EndGlobalSection
	GlobalSection(SolutionProperties) = preSolution
		HideSolutionNode = FALSE
	EndGlobalSection
	GlobalSection(ExtensibilityGlobals) = postSolution
		SolutionGuid = {E407D302-2FC4-4D6A-A3AE-FBC9365CE8A6}
	EndGlobalSection
EndGlobal
