
Microsoft Visual Studio Solution File, Format Version 12.00
# Visual Studio 15
VisualStudioVersion = 15.0.28307.1800
MinimumVisualStudioVersion = 10.0.40219.1
Project("{9A19103F-16F7-4668-BE54-9A1E7A4F7556}") = "Reminder.Storage.WebApi", "Reminder.Storage.WebApi\Reminder.Storage.WebApi.csproj", "{0DB6619B-6288-4E01-A591-59E8F8FC2984}"
EndProject
Project("{9A19103F-16F7-4668-BE54-9A1E7A4F7556}") = "Reminder.Storage.Core", "Reminder.Storage.Core\Reminder.Storage.Core.csproj", "{CCEECBE2-DC74-4A93-889E-2861DC530A09}"
EndProject
Project("{9A19103F-16F7-4668-BE54-9A1E7A4F7556}") = "Reminder.Storage.InMemory", "Reminder.Storage.InMemory\Reminder.Storage.InMemory.csproj", "{6FA838E3-90C2-4807-B29C-BE7C821AE948}"
EndProject
Project("{9A19103F-16F7-4668-BE54-9A1E7A4F7556}") = "Reminder.Storage.Core.Test", "Reminder.Storage.Core.Test\Reminder.Storage.Core.Test.csproj", "{6EB3C70D-2D08-4342-A8BD-677B601B8BC8}"
EndProject
Project("{9A19103F-16F7-4668-BE54-9A1E7A4F7556}") = "Reminder.Storage.InMemory.Test", "Reminder.Storage.InMemory.Test\Reminder.Storage.InMemory.Test.csproj", "{9DC39DF8-3A9B-4245-8A69-C5CD609B7716}"
EndProject
Project("{9A19103F-16F7-4668-BE54-9A1E7A4F7556}") = "Reminder.Storage.WebApi.Core", "Reminder.Storage.WebApi.Core\Reminder.Storage.WebApi.Core.csproj", "{28F2145A-D9CA-4174-8257-04E094586E91}"
EndProject
Project("{9A19103F-16F7-4668-BE54-9A1E7A4F7556}") = "Reminder.Storage.WebApi.Client", "Reminder.Storage.WebApi.Client\Reminder.Storage.WebApi.Client.csproj", "{6550AD88-6658-4DF1-9937-94594D93DC2B}"
EndProject
Project("{FAE04EC0-301F-11D3-BF4B-00C04F79EFBC}") = "Reminder.Storage.SqlServer.ADO", "Reminder.Storage.SqlServer.ADO\Reminder.Storage.SqlServer.ADO.csproj", "{ED83C73B-E21E-4385-B5F4-871362BE0CE5}"
EndProject
Project("{FAE04EC0-301F-11D3-BF4B-00C04F79EFBC}") = "Test.SqlStorage", "Test.SqlStorage\Test.SqlStorage.csproj", "{7F0BA770-C465-4A78-BB6A-4604CB6FE21D}"
EndProject
Global
	GlobalSection(SolutionConfigurationPlatforms) = preSolution
		Debug|Any CPU = Debug|Any CPU
		Release|Any CPU = Release|Any CPU
	EndGlobalSection
	GlobalSection(ProjectConfigurationPlatforms) = postSolution
		{0DB6619B-6288-4E01-A591-59E8F8FC2984}.Debug|Any CPU.ActiveCfg = Debug|Any CPU
		{0DB6619B-6288-4E01-A591-59E8F8FC2984}.Debug|Any CPU.Build.0 = Debug|Any CPU
		{0DB6619B-6288-4E01-A591-59E8F8FC2984}.Release|Any CPU.ActiveCfg = Release|Any CPU
		{0DB6619B-6288-4E01-A591-59E8F8FC2984}.Release|Any CPU.Build.0 = Release|Any CPU
		{CCEECBE2-DC74-4A93-889E-2861DC530A09}.Debug|Any CPU.ActiveCfg = Debug|Any CPU
		{CCEECBE2-DC74-4A93-889E-2861DC530A09}.Debug|Any CPU.Build.0 = Debug|Any CPU
		{CCEECBE2-DC74-4A93-889E-2861DC530A09}.Release|Any CPU.ActiveCfg = Release|Any CPU
		{CCEECBE2-DC74-4A93-889E-2861DC530A09}.Release|Any CPU.Build.0 = Release|Any CPU
		{6FA838E3-90C2-4807-B29C-BE7C821AE948}.Debug|Any CPU.ActiveCfg = Debug|Any CPU
		{6FA838E3-90C2-4807-B29C-BE7C821AE948}.Debug|Any CPU.Build.0 = Debug|Any CPU
		{6FA838E3-90C2-4807-B29C-BE7C821AE948}.Release|Any CPU.ActiveCfg = Release|Any CPU
		{6FA838E3-90C2-4807-B29C-BE7C821AE948}.Release|Any CPU.Build.0 = Release|Any CPU
		{6EB3C70D-2D08-4342-A8BD-677B601B8BC8}.Debug|Any CPU.ActiveCfg = Debug|Any CPU
		{6EB3C70D-2D08-4342-A8BD-677B601B8BC8}.Debug|Any CPU.Build.0 = Debug|Any CPU
		{6EB3C70D-2D08-4342-A8BD-677B601B8BC8}.Release|Any CPU.ActiveCfg = Release|Any CPU
		{6EB3C70D-2D08-4342-A8BD-677B601B8BC8}.Release|Any CPU.Build.0 = Release|Any CPU
		{9DC39DF8-3A9B-4245-8A69-C5CD609B7716}.Debug|Any CPU.ActiveCfg = Debug|Any CPU
		{9DC39DF8-3A9B-4245-8A69-C5CD609B7716}.Debug|Any CPU.Build.0 = Debug|Any CPU
		{9DC39DF8-3A9B-4245-8A69-C5CD609B7716}.Release|Any CPU.ActiveCfg = Release|Any CPU
		{9DC39DF8-3A9B-4245-8A69-C5CD609B7716}.Release|Any CPU.Build.0 = Release|Any CPU
		{28F2145A-D9CA-4174-8257-04E094586E91}.Debug|Any CPU.ActiveCfg = Debug|Any CPU
		{28F2145A-D9CA-4174-8257-04E094586E91}.Debug|Any CPU.Build.0 = Debug|Any CPU
		{28F2145A-D9CA-4174-8257-04E094586E91}.Release|Any CPU.ActiveCfg = Release|Any CPU
		{28F2145A-D9CA-4174-8257-04E094586E91}.Release|Any CPU.Build.0 = Release|Any CPU
		{6550AD88-6658-4DF1-9937-94594D93DC2B}.Debug|Any CPU.ActiveCfg = Debug|Any CPU
		{6550AD88-6658-4DF1-9937-94594D93DC2B}.Debug|Any CPU.Build.0 = Debug|Any CPU
		{6550AD88-6658-4DF1-9937-94594D93DC2B}.Release|Any CPU.ActiveCfg = Release|Any CPU
		{6550AD88-6658-4DF1-9937-94594D93DC2B}.Release|Any CPU.Build.0 = Release|Any CPU
		{ED83C73B-E21E-4385-B5F4-871362BE0CE5}.Debug|Any CPU.ActiveCfg = Debug|Any CPU
		{ED83C73B-E21E-4385-B5F4-871362BE0CE5}.Debug|Any CPU.Build.0 = Debug|Any CPU
		{ED83C73B-E21E-4385-B5F4-871362BE0CE5}.Release|Any CPU.ActiveCfg = Release|Any CPU
		{ED83C73B-E21E-4385-B5F4-871362BE0CE5}.Release|Any CPU.Build.0 = Release|Any CPU
		{7F0BA770-C465-4A78-BB6A-4604CB6FE21D}.Debug|Any CPU.ActiveCfg = Debug|Any CPU
		{7F0BA770-C465-4A78-BB6A-4604CB6FE21D}.Debug|Any CPU.Build.0 = Debug|Any CPU
		{7F0BA770-C465-4A78-BB6A-4604CB6FE21D}.Release|Any CPU.ActiveCfg = Release|Any CPU
		{7F0BA770-C465-4A78-BB6A-4604CB6FE21D}.Release|Any CPU.Build.0 = Release|Any CPU
	EndGlobalSection
	GlobalSection(SolutionProperties) = preSolution
		HideSolutionNode = FALSE
	EndGlobalSection
	GlobalSection(ExtensibilityGlobals) = postSolution
		SolutionGuid = {3F11F14E-443F-467D-8869-461EAE2A9F35}
	EndGlobalSection
EndGlobal
