
Microsoft Visual Studio Solution File, Format Version 12.00
# Visual Studio 15
VisualStudioVersion = 15.0.28307.1800
MinimumVisualStudioVersion = 10.0.40219.1
Project("{9A19103F-16F7-4668-BE54-9A1E7A4F7556}") = "ConsoleApp2", "ConsoleApp2\ConsoleApp2.csproj", "{ACCBE41F-E184-49F1-A7B8-83EFD633C714}"
EndProject
Global
	GlobalSection(SolutionConfigurationPlatforms) = preSolution
		Debug|Any CPU = Debug|Any CPU
		Release|Any CPU = Release|Any CPU
	EndGlobalSection
	GlobalSection(ProjectConfigurationPlatforms) = postSolution
		{ACCBE41F-E184-49F1-A7B8-83EFD633C714}.Debug|Any CPU.ActiveCfg = Debug|Any CPU
		{ACCBE41F-E184-49F1-A7B8-83EFD633C714}.Debug|Any CPU.Build.0 = Debug|Any CPU
		{ACCBE41F-E184-49F1-A7B8-83EFD633C714}.Release|Any CPU.ActiveCfg = Release|Any CPU
		{ACCBE41F-E184-49F1-A7B8-83EFD633C714}.Release|Any CPU.Build.0 = Release|Any CPU
	EndGlobalSection
	GlobalSection(SolutionProperties) = preSolution
		HideSolutionNode = FALSE
	EndGlobalSection
	GlobalSection(ExtensibilityGlobals) = postSolution
		SolutionGuid = {E6E15C4A-F6C2-4C9E-B30E-90A35B69CF73}
	EndGlobalSection
EndGlobal
