
Microsoft Visual Studio Solution File, Format Version 12.00
# Visual Studio Version 17
VisualStudioVersion = 17.4.33213.308
MinimumVisualStudioVersion = 10.0.40219.1
Project("{9A19103F-16F7-4668-BE54-9A1E7A4F7556}") = "HelloApp", "HelloApp\HelloApp.csproj", "{0364CF15-5604-4668-82C4-49FB1303BC3E}"
EndProject
Project("{FAE04EC0-301F-11D3-BF4B-00C04F79EFBC}") = "ASPNetCore_2", "ASPNetCore_2\ASPNetCore_2.csproj", "{CDC21EBD-9DC3-4F6B-AB44-C42A88309F31}"
EndProject
Project("{FAE04EC0-301F-11D3-BF4B-00C04F79EFBC}") = "SimpleWebApi", "SimpleWebApi\SimpleWebApi.csproj", "{4F5E5763-BC69-42B3-93C7-06ABD7327411}"
EndProject
Global
	GlobalSection(SolutionConfigurationPlatforms) = preSolution
		Debug|Any CPU = Debug|Any CPU
		Release|Any CPU = Release|Any CPU
	EndGlobalSection
	GlobalSection(ProjectConfigurationPlatforms) = postSolution
		{0364CF15-5604-4668-82C4-49FB1303BC3E}.Debug|Any CPU.ActiveCfg = Debug|Any CPU
		{0364CF15-5604-4668-82C4-49FB1303BC3E}.Debug|Any CPU.Build.0 = Debug|Any CPU
		{0364CF15-5604-4668-82C4-49FB1303BC3E}.Release|Any CPU.ActiveCfg = Release|Any CPU
		{0364CF15-5604-4668-82C4-49FB1303BC3E}.Release|Any CPU.Build.0 = Release|Any CPU
		{CDC21EBD-9DC3-4F6B-AB44-C42A88309F31}.Debug|Any CPU.ActiveCfg = Debug|Any CPU
		{CDC21EBD-9DC3-4F6B-AB44-C42A88309F31}.Debug|Any CPU.Build.0 = Debug|Any CPU
		{CDC21EBD-9DC3-4F6B-AB44-C42A88309F31}.Release|Any CPU.ActiveCfg = Release|Any CPU
		{CDC21EBD-9DC3-4F6B-AB44-C42A88309F31}.Release|Any CPU.Build.0 = Release|Any CPU
		{4F5E5763-BC69-42B3-93C7-06ABD7327411}.Debug|Any CPU.ActiveCfg = Debug|Any CPU
		{4F5E5763-BC69-42B3-93C7-06ABD7327411}.Debug|Any CPU.Build.0 = Debug|Any CPU
		{4F5E5763-BC69-42B3-93C7-06ABD7327411}.Release|Any CPU.ActiveCfg = Release|Any CPU
		{4F5E5763-BC69-42B3-93C7-06ABD7327411}.Release|Any CPU.Build.0 = Release|Any CPU
	EndGlobalSection
	GlobalSection(SolutionProperties) = preSolution
		HideSolutionNode = FALSE
	EndGlobalSection
	GlobalSection(ExtensibilityGlobals) = postSolution
		SolutionGuid = {940F8FE9-617E-4E08-89E9-F9260620A064}
	EndGlobalSection
EndGlobal
