
Microsoft Visual Studio Solution File, Format Version 12.00
# Visual Studio 15
VisualStudioVersion = 15.0.28307.1800
MinimumVisualStudioVersion = 10.0.40219.1
Project("{9A19103F-16F7-4668-BE54-9A1E7A4F7556}") = "Reminder.Domain", "Reminder.Domain\Reminder.Domain.csproj", "{AFE27018-1969-49D3-99C3-6AE7B659391F}"
EndProject
Project("{9A19103F-16F7-4668-BE54-9A1E7A4F7556}") = "Reminder.Domain.Test", "Reminder.Domain.Test\Reminder.Domain.Test.csproj", "{95F509CF-36B0-47FF-BECD-87E38CBE2755}"
EndProject
Project("{9A19103F-16F7-4668-BE54-9A1E7A4F7556}") = "Reminder.Sender.Core", "Reminder.Sender.Core\Reminder.Sender.Core.csproj", "{9452774B-F964-4088-A22D-C9B29889654C}"
EndProject
Project("{9A19103F-16F7-4668-BE54-9A1E7A4F7556}") = "Reminder.Sender.Telegram", "Reminder.Sender.Telegram\Reminder.Sender.Telegram.csproj", "{E2F30E30-E621-4CB7-8968-88E42F529D38}"
EndProject
Project("{9A19103F-16F7-4668-BE54-9A1E7A4F7556}") = "Reminder.Receiver.Core", "Reminder.Receiver.Core\Reminder.Receiver.Core.csproj", "{55C1E9C0-D2E1-41B6-BDCF-4E1C9CE98842}"
EndProject
Project("{9A19103F-16F7-4668-BE54-9A1E7A4F7556}") = "Reminder.Receiver.Telegram", "Reminder.Receiver.Telegram\Reminder.Receiver.Telegram.csproj", "{A3132FBC-804C-4470-85F9-3E7BE908D8F2}"
EndProject
Project("{9A19103F-16F7-4668-BE54-9A1E7A4F7556}") = "Reminder.Parsing", "Reminder.Parsing\Reminder.Parsing.csproj", "{6D1693EC-8B2B-4BDC-947B-9754B14BA2C6}"
EndProject
Project("{9A19103F-16F7-4668-BE54-9A1E7A4F7556}") = "Reminder.Parsing.Test", "Reminder.Parsing.Test\Reminder.Parsing.Test.csproj", "{232C50F5-6136-48ED-A2BE-0417C0B15B50}"
EndProject
Project("{FAE04EC0-301F-11D3-BF4B-00C04F79EFBC}") = "ConsoleColor", "ConsoleColor\ConsoleColor.csproj", "{6A4C1B29-4174-44C2-BA7C-5C457E31EFD8}"
EndProject
Project("{9A19103F-16F7-4668-BE54-9A1E7A4F7556}") = "Reminder.App", "Reminder.App\Reminder.App.csproj", "{C497C545-9F22-4BFE-BD8D-DF0B2EDE905F}"
EndProject
Project("{9A19103F-16F7-4668-BE54-9A1E7A4F7556}") = "Reminder.App.Debug", "Reminder.App.Debug\Reminder.App.Debug.csproj", "{569EDC51-DE00-4A41-88A3-95C21924AD0F}"
EndProject
Project("{9A19103F-16F7-4668-BE54-9A1E7A4F7556}") = "Reminder.Storage.WebApi.Client", "..\Reminder.Storage\Reminder.Storage.WebApi.Client\Reminder.Storage.WebApi.Client.csproj", "{BA3F3748-2742-4E83-B202-7A80949C53B7}"
EndProject
Project("{9A19103F-16F7-4668-BE54-9A1E7A4F7556}") = "Reminder.Storage.WebApi.Core", "..\Reminder.Storage\Reminder.Storage.WebApi.Core\Reminder.Storage.WebApi.Core.csproj", "{6991F292-CFE6-4192-BBAC-930B7F2577C9}"
EndProject
Global
	GlobalSection(SolutionConfigurationPlatforms) = preSolution
		Debug|Any CPU = Debug|Any CPU
		Release|Any CPU = Release|Any CPU
	EndGlobalSection
	GlobalSection(ProjectConfigurationPlatforms) = postSolution
		{AFE27018-1969-49D3-99C3-6AE7B659391F}.Debug|Any CPU.ActiveCfg = Debug|Any CPU
		{AFE27018-1969-49D3-99C3-6AE7B659391F}.Debug|Any CPU.Build.0 = Debug|Any CPU
		{AFE27018-1969-49D3-99C3-6AE7B659391F}.Release|Any CPU.ActiveCfg = Release|Any CPU
		{AFE27018-1969-49D3-99C3-6AE7B659391F}.Release|Any CPU.Build.0 = Release|Any CPU
		{95F509CF-36B0-47FF-BECD-87E38CBE2755}.Debug|Any CPU.ActiveCfg = Debug|Any CPU
		{95F509CF-36B0-47FF-BECD-87E38CBE2755}.Debug|Any CPU.Build.0 = Debug|Any CPU
		{95F509CF-36B0-47FF-BECD-87E38CBE2755}.Release|Any CPU.ActiveCfg = Release|Any CPU
		{95F509CF-36B0-47FF-BECD-87E38CBE2755}.Release|Any CPU.Build.0 = Release|Any CPU
		{9452774B-F964-4088-A22D-C9B29889654C}.Debug|Any CPU.ActiveCfg = Debug|Any CPU
		{9452774B-F964-4088-A22D-C9B29889654C}.Debug|Any CPU.Build.0 = Debug|Any CPU
		{9452774B-F964-4088-A22D-C9B29889654C}.Release|Any CPU.ActiveCfg = Release|Any CPU
		{9452774B-F964-4088-A22D-C9B29889654C}.Release|Any CPU.Build.0 = Release|Any CPU
		{E2F30E30-E621-4CB7-8968-88E42F529D38}.Debug|Any CPU.ActiveCfg = Debug|Any CPU
		{E2F30E30-E621-4CB7-8968-88E42F529D38}.Debug|Any CPU.Build.0 = Debug|Any CPU
		{E2F30E30-E621-4CB7-8968-88E42F529D38}.Release|Any CPU.ActiveCfg = Release|Any CPU
		{E2F30E30-E621-4CB7-8968-88E42F529D38}.Release|Any CPU.Build.0 = Release|Any CPU
		{55C1E9C0-D2E1-41B6-BDCF-4E1C9CE98842}.Debug|Any CPU.ActiveCfg = Debug|Any CPU
		{55C1E9C0-D2E1-41B6-BDCF-4E1C9CE98842}.Debug|Any CPU.Build.0 = Debug|Any CPU
		{55C1E9C0-D2E1-41B6-BDCF-4E1C9CE98842}.Release|Any CPU.ActiveCfg = Release|Any CPU
		{55C1E9C0-D2E1-41B6-BDCF-4E1C9CE98842}.Release|Any CPU.Build.0 = Release|Any CPU
		{A3132FBC-804C-4470-85F9-3E7BE908D8F2}.Debug|Any CPU.ActiveCfg = Debug|Any CPU
		{A3132FBC-804C-4470-85F9-3E7BE908D8F2}.Debug|Any CPU.Build.0 = Debug|Any CPU
		{A3132FBC-804C-4470-85F9-3E7BE908D8F2}.Release|Any CPU.ActiveCfg = Release|Any CPU
		{A3132FBC-804C-4470-85F9-3E7BE908D8F2}.Release|Any CPU.Build.0 = Release|Any CPU
		{6D1693EC-8B2B-4BDC-947B-9754B14BA2C6}.Debug|Any CPU.ActiveCfg = Debug|Any CPU
		{6D1693EC-8B2B-4BDC-947B-9754B14BA2C6}.Debug|Any CPU.Build.0 = Debug|Any CPU
		{6D1693EC-8B2B-4BDC-947B-9754B14BA2C6}.Release|Any CPU.ActiveCfg = Release|Any CPU
		{6D1693EC-8B2B-4BDC-947B-9754B14BA2C6}.Release|Any CPU.Build.0 = Release|Any CPU
		{232C50F5-6136-48ED-A2BE-0417C0B15B50}.Debug|Any CPU.ActiveCfg = Debug|Any CPU
		{232C50F5-6136-48ED-A2BE-0417C0B15B50}.Debug|Any CPU.Build.0 = Debug|Any CPU
		{232C50F5-6136-48ED-A2BE-0417C0B15B50}.Release|Any CPU.ActiveCfg = Release|Any CPU
		{232C50F5-6136-48ED-A2BE-0417C0B15B50}.Release|Any CPU.Build.0 = Release|Any CPU
		{6A4C1B29-4174-44C2-BA7C-5C457E31EFD8}.Debug|Any CPU.ActiveCfg = Debug|Any CPU
		{6A4C1B29-4174-44C2-BA7C-5C457E31EFD8}.Debug|Any CPU.Build.0 = Debug|Any CPU
		{6A4C1B29-4174-44C2-BA7C-5C457E31EFD8}.Release|Any CPU.ActiveCfg = Release|Any CPU
		{6A4C1B29-4174-44C2-BA7C-5C457E31EFD8}.Release|Any CPU.Build.0 = Release|Any CPU
		{C497C545-9F22-4BFE-BD8D-DF0B2EDE905F}.Debug|Any CPU.ActiveCfg = Debug|Any CPU
		{C497C545-9F22-4BFE-BD8D-DF0B2EDE905F}.Debug|Any CPU.Build.0 = Debug|Any CPU
		{C497C545-9F22-4BFE-BD8D-DF0B2EDE905F}.Release|Any CPU.ActiveCfg = Release|Any CPU
		{C497C545-9F22-4BFE-BD8D-DF0B2EDE905F}.Release|Any CPU.Build.0 = Release|Any CPU
		{569EDC51-DE00-4A41-88A3-95C21924AD0F}.Debug|Any CPU.ActiveCfg = Debug|Any CPU
		{569EDC51-DE00-4A41-88A3-95C21924AD0F}.Debug|Any CPU.Build.0 = Debug|Any CPU
		{569EDC51-DE00-4A41-88A3-95C21924AD0F}.Release|Any CPU.ActiveCfg = Release|Any CPU
		{569EDC51-DE00-4A41-88A3-95C21924AD0F}.Release|Any CPU.Build.0 = Release|Any CPU
		{BA3F3748-2742-4E83-B202-7A80949C53B7}.Debug|Any CPU.ActiveCfg = Debug|Any CPU
		{BA3F3748-2742-4E83-B202-7A80949C53B7}.Debug|Any CPU.Build.0 = Debug|Any CPU
		{BA3F3748-2742-4E83-B202-7A80949C53B7}.Release|Any CPU.ActiveCfg = Release|Any CPU
		{BA3F3748-2742-4E83-B202-7A80949C53B7}.Release|Any CPU.Build.0 = Release|Any CPU
		{6991F292-CFE6-4192-BBAC-930B7F2577C9}.Debug|Any CPU.ActiveCfg = Debug|Any CPU
		{6991F292-CFE6-4192-BBAC-930B7F2577C9}.Debug|Any CPU.Build.0 = Debug|Any CPU
		{6991F292-CFE6-4192-BBAC-930B7F2577C9}.Release|Any CPU.ActiveCfg = Release|Any CPU
		{6991F292-CFE6-4192-BBAC-930B7F2577C9}.Release|Any CPU.Build.0 = Release|Any CPU
	EndGlobalSection
	GlobalSection(SolutionProperties) = preSolution
		HideSolutionNode = FALSE
	EndGlobalSection
	GlobalSection(ExtensibilityGlobals) = postSolution
		SolutionGuid = {831BD685-36FF-4227-9732-E13BB52A9B79}
	EndGlobalSection
EndGlobal
