
Microsoft Visual Studio Solution File, Format Version 12.00
# Visual Studio 15
VisualStudioVersion = 15.0.28307.1800
MinimumVisualStudioVersion = 10.0.40219.1
Project("{FAE04EC0-301F-11D3-BF4B-00C04F79EFBC}") = "ALib", "ALib\ALib.csproj", "{E7D46EE5-DD78-4562-9D74-1A8149588D2B}"
EndProject
Project("{FAE04EC0-301F-11D3-BF4B-00C04F79EFBC}") = "ConsoleApp", "ConsoleApp\ConsoleApp.csproj", "{C8D12DF7-D07F-47C5-A056-CC33AF78C86E}"
EndProject
Project("{FAE04EC0-301F-11D3-BF4B-00C04F79EFBC}") = "RandomNum", "RandomNum\RandomNum.csproj", "{F0183162-5D5A-4001-9F53-1C9F864CE90D}"
EndProject
Global
	GlobalSection(SolutionConfigurationPlatforms) = preSolution
		Debug|Any CPU = Debug|Any CPU
		Release|Any CPU = Release|Any CPU
	EndGlobalSection
	GlobalSection(ProjectConfigurationPlatforms) = postSolution
		{E7D46EE5-DD78-4562-9D74-1A8149588D2B}.Debug|Any CPU.ActiveCfg = Debug|Any CPU
		{E7D46EE5-DD78-4562-9D74-1A8149588D2B}.Debug|Any CPU.Build.0 = Debug|Any CPU
		{E7D46EE5-DD78-4562-9D74-1A8149588D2B}.Release|Any CPU.ActiveCfg = Release|Any CPU
		{E7D46EE5-DD78-4562-9D74-1A8149588D2B}.Release|Any CPU.Build.0 = Release|Any CPU
		{C8D12DF7-D07F-47C5-A056-CC33AF78C86E}.Debug|Any CPU.ActiveCfg = Debug|Any CPU
		{C8D12DF7-D07F-47C5-A056-CC33AF78C86E}.Debug|Any CPU.Build.0 = Debug|Any CPU
		{C8D12DF7-D07F-47C5-A056-CC33AF78C86E}.Release|Any CPU.ActiveCfg = Release|Any CPU
		{C8D12DF7-D07F-47C5-A056-CC33AF78C86E}.Release|Any CPU.Build.0 = Release|Any CPU
		{F0183162-5D5A-4001-9F53-1C9F864CE90D}.Debug|Any CPU.ActiveCfg = Debug|Any CPU
		{F0183162-5D5A-4001-9F53-1C9F864CE90D}.Debug|Any CPU.Build.0 = Debug|Any CPU
		{F0183162-5D5A-4001-9F53-1C9F864CE90D}.Release|Any CPU.ActiveCfg = Release|Any CPU
		{F0183162-5D5A-4001-9F53-1C9F864CE90D}.Release|Any CPU.Build.0 = Release|Any CPU
	EndGlobalSection
	GlobalSection(SolutionProperties) = preSolution
		HideSolutionNode = FALSE
	EndGlobalSection
	GlobalSection(ExtensibilityGlobals) = postSolution
		SolutionGuid = {7EAB6513-619D-4E7B-8F5E-7C479790047A}
	EndGlobalSection
EndGlobal
