
Microsoft Visual Studio Solution File, Format Version 12.00
# Visual Studio 15
VisualStudioVersion = 15.0.28307.1800
MinimumVisualStudioVersion = 10.0.40219.1
Project("{9A19103F-16F7-4668-BE54-9A1E7A4F7556}") = "Calculator_Core", "Calculator_Core\Calculator_Core.csproj", "{CBB0A80A-1612-4AB6-BA88-105DE6703E98}"
EndProject
Project("{9A19103F-16F7-4668-BE54-9A1E7A4F7556}") = "BaseCalculations", "BaseCalculations\BaseCalculations.csproj", "{3578B02E-E6F4-49DD-8F01-80D6C6412314}"
EndProject
Project("{9A19103F-16F7-4668-BE54-9A1E7A4F7556}") = "EnteredKey", "EnteredKey\EnteredKey.csproj", "{CED6477C-430D-41B7-822E-1A3FBFEF15EB}"
EndProject
Project("{9A19103F-16F7-4668-BE54-9A1E7A4F7556}") = "06", "06\06.csproj", "{F957B7A1-271F-4C3D-A823-B7BD56661858}"
EndProject
Project("{9A19103F-16F7-4668-BE54-9A1E7A4F7556}") = "061", "061\061.csproj", "{BE172995-5C92-43E7-A279-D8E21871F4EA}"
EndProject
Project("{9A19103F-16F7-4668-BE54-9A1E7A4F7556}") = "062", "062\062.csproj", "{4FCF54A8-70F7-45F5-B99F-E121C505E6CD}"
EndProject
Project("{9A19103F-16F7-4668-BE54-9A1E7A4F7556}") = "063", "063\063.csproj", "{B866D766-4FC1-4EBA-8837-053B8B514350}"
EndProject
Project("{9A19103F-16F7-4668-BE54-9A1E7A4F7556}") = "064", "064\064.csproj", "{57F1C562-0694-445A-914F-55AB6E406997}"
EndProject
Project("{9A19103F-16F7-4668-BE54-9A1E7A4F7556}") = "Annuitet", "Annuitet\Annuitet.csproj", "{8B4C8F2D-36E4-46AA-A878-B1D8F4EFDD64}"
EndProject
Project("{9A19103F-16F7-4668-BE54-9A1E7A4F7556}") = "03", "03\03.csproj", "{395152F4-C0B9-44F4-BDE8-3E45B023EC55}"
EndProject
Project("{9A19103F-16F7-4668-BE54-9A1E7A4F7556}") = "031_arrays", "031_arrays\031_arrays.csproj", "{384EB6B1-5D02-4A30-9584-12C0EF37C787}"
EndProject
Project("{9A19103F-16F7-4668-BE54-9A1E7A4F7556}") = "032_table_pifagor", "032_table_pifagor\032_table_pifagor.csproj", "{E4DE1AB2-ABAC-417C-A68C-F5D325FB9B38}"
EndProject
Project("{9A19103F-16F7-4668-BE54-9A1E7A4F7556}") = "041_Hex_Bynary", "041_Hex_Bynary\041_Hex_Bynary.csproj", "{67B081A2-43A6-4244-8B4B-F77179D09A85}"
EndProject
Project("{9A19103F-16F7-4668-BE54-9A1E7A4F7556}") = "042_bit_mask", "042_bit_mask\042_bit_mask.csproj", "{47EAFD3F-F704-4D72-95CE-642196D64979}"
EndProject
Project("{9A19103F-16F7-4668-BE54-9A1E7A4F7556}") = "043_Palitra", "043_Palitra\043_Palitra.csproj", "{8727F6E0-A00C-4378-8036-637D39BEE3C4}"
EndProject
Project("{9A19103F-16F7-4668-BE54-9A1E7A4F7556}") = "044_Conteiners", "044_Conteiners\044_Conteiners.csproj", "{17B093FC-5C4D-4BC3-9A0F-47148DD932BB}"
EndProject
Project("{9A19103F-16F7-4668-BE54-9A1E7A4F7556}") = "05", "05\05.csproj", "{5101C4D5-6D35-491E-930D-0C7663DCF856}"
EndProject
Project("{9A19103F-16F7-4668-BE54-9A1E7A4F7556}") = "051_years", "051\051_years.csproj", "{4864465C-9670-4D46-B594-D326910E1296}"
EndProject
Project("{9A19103F-16F7-4668-BE54-9A1E7A4F7556}") = "052_ternar_operator", "052_ternar_operator\052_ternar_operator.csproj", "{4E16C678-C673-4133-963D-0770F40C8A27}"
EndProject
Project("{9A19103F-16F7-4668-BE54-9A1E7A4F7556}") = "053_switch", "053_switch\053_switch.csproj", "{674F0526-62A0-4442-9AF7-98EA207E0D9F}"
EndProject
Project("{9A19103F-16F7-4668-BE54-9A1E7A4F7556}") = "054_exception", "054\054_exception.csproj", "{0FC5E651-A6B6-42A1-B412-9830CBABBA28}"
EndProject
Project("{9A19103F-16F7-4668-BE54-9A1E7A4F7556}") = "07_string", "07_string\07_string.csproj", "{08B86138-04CA-4E01-9C86-38698CA2BAC1}"
EndProject
Project("{9A19103F-16F7-4668-BE54-9A1E7A4F7556}") = "EnumExample", "EnumExample\EnumExample.csproj", "{0C94859C-5993-4C6B-90AB-47659E34B665}"
EndProject
Project("{9A19103F-16F7-4668-BE54-9A1E7A4F7556}") = "071_Civilization", "071_Civilization\071_Civilization.csproj", "{8DD23FE6-B05C-42FD-974E-A6609EF39595}"
EndProject
Project("{9A19103F-16F7-4668-BE54-9A1E7A4F7556}") = "072_DirtyString", "072_DirtyString\072_DirtyString.csproj", "{ECC38086-A18A-43B0-9573-45645C2530CD}"
EndProject
Project("{9A19103F-16F7-4668-BE54-9A1E7A4F7556}") = "073_PascalCasing_CamelCasing", "073_PascalCasing_CamelCasing\073_PascalCasing_CamelCasing.csproj", "{62178356-1AC0-4D9F-AFA8-82924EB8FAF9}"
EndProject
Project("{9A19103F-16F7-4668-BE54-9A1E7A4F7556}") = "08_WriteToFile", "08_WriteToFile\08_WriteToFile.csproj", "{841FDEE8-B8CC-4204-8720-D8E9DA1341BC}"
EndProject
Project("{9A19103F-16F7-4668-BE54-9A1E7A4F7556}") = "081_ListExamples", "081_ListExamples\081_ListExamples.csproj", "{915BFFCA-0F00-4701-BCB3-ACC811B94C3F}"
EndProject
Project("{9A19103F-16F7-4668-BE54-9A1E7A4F7556}") = "082_DictionaryExample", "082_DictionaryExample\082_DictionaryExample.csproj", "{AC518FFB-9D04-4CCD-AE15-2E531458DD99}"
EndProject
Project("{9A19103F-16F7-4668-BE54-9A1E7A4F7556}") = "083_DictionaryGame", "083_DictionaryGame\083_DictionaryGame.csproj", "{6545C08D-1DFD-4A40-AC1E-A26136938381}"
EndProject
Project("{9A19103F-16F7-4668-BE54-9A1E7A4F7556}") = "084_QueueExample", "084_QueueExample\084_QueueExample.csproj", "{A995B07E-2769-4073-B4F1-CFBD49D37DF1}"
EndProject
Project("{9A19103F-16F7-4668-BE54-9A1E7A4F7556}") = "085_StackExample", "085_StackExample\085_StackExample.csproj", "{E0DB83AC-F91C-4AA5-97F5-4FD2A18FE784}"
EndProject
Project("{9A19103F-16F7-4668-BE54-9A1E7A4F7556}") = "086_CorectSkobki", "086_CorectSkobki\086_CorectSkobki.csproj", "{674F181C-5FC6-4138-92C8-8E42FB84A5A7}"
EndProject
Project("{9A19103F-16F7-4668-BE54-9A1E7A4F7556}") = "QuadraticEquation", "QuadraticEquation\QuadraticEquation.csproj", "{A09DA24F-0F2A-417F-A094-B097014E4908}"
EndProject
Project("{9A19103F-16F7-4668-BE54-9A1E7A4F7556}") = "09_Algorithm", "09_Algorithm\09_Algorithm.csproj", "{870405CF-631C-4C7F-967E-26EF33906183}"
EndProject
Project("{9A19103F-16F7-4668-BE54-9A1E7A4F7556}") = "091_ValueTypesMethod", "091_ValueTypesMethod\091_ValueTypesMethod.csproj", "{138A8A1C-6C9E-4239-8D11-C603B00A59A6}"
EndProject
Project("{9A19103F-16F7-4668-BE54-9A1E7A4F7556}") = "092_ReferenceTypeMethod", "092_ReferenceTypeMethod\092_ReferenceTypeMethod.csproj", "{33F43BAF-450E-467B-AB19-AF85635D1BA1}"
EndProject
Project("{9A19103F-16F7-4668-BE54-9A1E7A4F7556}") = "10_Class", "10_Class\10_Class.csproj", "{8DEE7670-AF41-4A05-B196-B625153335B6}"
EndProject
Project("{9A19103F-16F7-4668-BE54-9A1E7A4F7556}") = "101_ClassGetterSetter", "101_ClassGetterSetter\101_ClassGetterSetter.csproj", "{EC3CB528-7320-4C49-A456-BA02FFAE4A87}"
EndProject
Project("{9A19103F-16F7-4668-BE54-9A1E7A4F7556}") = "102_ReminderItem", "102_ReminderItem\102_ReminderItem.csproj", "{DC969DD4-422E-4860-9B23-835979490DC3}"
EndProject
Project("{9A19103F-16F7-4668-BE54-9A1E7A4F7556}") = "12_Example", "12_Example\12_Example.csproj", "{501BD601-23EF-4767-9A07-ED507CAA321A}"
EndProject
Project("{9A19103F-16F7-4668-BE54-9A1E7A4F7556}") = "121_Document", "121_Document\121_Document.csproj", "{6A5EB9EF-257F-4F95-A159-2FB76848F926}"
EndProject
Project("{9A19103F-16F7-4668-BE54-9A1E7A4F7556}") = "13_AbstractClass", "013_AbstractClass\13_AbstractClass.csproj", "{74EB1892-6C0F-4AE1-BC14-1ED68C0D7643}"
EndProject
Project("{9A19103F-16F7-4668-BE54-9A1E7A4F7556}") = "131_Dispose", "131_Dispose\131_Dispose.csproj", "{DDE053C9-AF83-49C8-8A37-475CD00AD9A9}"
EndProject
Project("{9A19103F-16F7-4668-BE54-9A1E7A4F7556}") = "132_FileAndConsolLogWriter", "FileAndConsolLogWriter\132_FileAndConsolLogWriter.csproj", "{D382215C-07A7-44BF-9568-43D72DCE2481}"
EndProject
Project("{9A19103F-16F7-4668-BE54-9A1E7A4F7556}") = "14_ErrorList", "14_ErrorList\14_ErrorList.csproj", "{58D356B9-F908-44A5-97A7-FCD4EA7B208F}"
EndProject
Project("{9A19103F-16F7-4668-BE54-9A1E7A4F7556}") = "141_IEnumeratorExample", "141_IEnumeratorExample\141_IEnumeratorExample.csproj", "{1389A29E-503D-4EAD-B331-9099D5765379}"
EndProject
Project("{9A19103F-16F7-4668-BE54-9A1E7A4F7556}") = "142_StaticExample", "142_StaticExample\142_StaticExample.csproj", "{3DDC784C-702E-4DF3-AD68-F4BD43396E3E}"
EndProject
Project("{9A19103F-16F7-4668-BE54-9A1E7A4F7556}") = "143_SingltonExample", "143_SingltonExample\143_SingltonExample.csproj", "{EE0F3DA8-9AA3-4878-B423-FF87BF5D562B}"
EndProject
Project("{9A19103F-16F7-4668-BE54-9A1E7A4F7556}") = "15_GenericExample", "15_GenericExample\15_GenericExample.csproj", "{E4143B8C-1161-4E9D-BABE-6805B2306DD6}"
EndProject
Project("{9A19103F-16F7-4668-BE54-9A1E7A4F7556}") = "16_DelegateExample", "16_DelegateExample\16_DelegateExample.csproj", "{FAECCF2E-6DED-4F1E-A908-6D3FBA12066C}"
EndProject
Project("{9A19103F-16F7-4668-BE54-9A1E7A4F7556}") = "16_Delegate_Example2", "16_Delegate_Example2\16_Delegate_Example2.csproj", "{EBC6903E-D2CE-4D43-B80D-4B5C30E53BBE}"
EndProject
Project("{9A19103F-16F7-4668-BE54-9A1E7A4F7556}") = "16_Circle", "16_Circle\16_Circle.csproj", "{61266B63-25BE-401A-8C4A-C1035210BD75}"
EndProject
Project("{9A19103F-16F7-4668-BE54-9A1E7A4F7556}") = "16_Geometry_DLL", "16_Geometry_DLL\16_Geometry_DLL.csproj", "{4A1E9A70-75E2-499F-8C3E-8BF124DE2BF9}"
EndProject
Project("{FAE04EC0-301F-11D3-BF4B-00C04F79EFBC}") = "WindowsFormExample", "WindowsFormExample\WindowsFormExample.csproj", "{EFC8F010-C94E-4A8E-A8DE-B8A3C158D022}"
EndProject
Project("{9A19103F-16F7-4668-BE54-9A1E7A4F7556}") = "16_JSON_Serialize_Deserialize", "16_JSON_Serialize_Deserialize\16_JSON_Serialize_Deserialize.csproj", "{3E9BD2F1-3F05-4AC0-B989-F7FF7120EE2A}"
EndProject
Project("{9A19103F-16F7-4668-BE54-9A1E7A4F7556}") = "17_EventsExample", "17_EventsExample\17_EventsExample.csproj", "{A0C008C1-45CF-4B20-834C-FFB7C37CD9CB}"
EndProject
Project("{9A19103F-16F7-4668-BE54-9A1E7A4F7556}") = "17_EventsExample2", "17_EventsExample2\17_EventsExample2.csproj", "{6E93947A-4522-40AA-BB8D-8DC7BAEE4DFC}"
EndProject
Project("{FAE04EC0-301F-11D3-BF4B-00C04F79EFBC}") = "WindowsFormsKey", "WindowsFormsKey\WindowsFormsKey.csproj", "{034312DF-36FA-44DA-AA80-4932A7DBB808}"
EndProject
Project("{FAE04EC0-301F-11D3-BF4B-00C04F79EFBC}") = "A_Tetris", "A_Tetris\A_Tetris.csproj", "{E2B934D3-B89C-4735-A4F0-C381728262FE}"
EndProject
Project("{9A19103F-16F7-4668-BE54-9A1E7A4F7556}") = "17_EventsExample3", "17_EventsExample3\17_EventsExample3.csproj", "{007B96B5-2EED-4301-9EAA-893EAE99ABB9}"
EndProject
Project("{9A19103F-16F7-4668-BE54-9A1E7A4F7556}") = "17_EventsExample4", "17_EventsExample4\17_EventsExample4.csproj", "{F8130242-99F1-49C8-AE76-56D5AFC7B32C}"
EndProject
Project("{9A19103F-16F7-4668-BE54-9A1E7A4F7556}") = "133_InterfaceExample", "133_InterfaceExample\133_InterfaceExample.csproj", "{F7D9C41D-49A6-4298-B4BD-BA93257A47FA}"
EndProject
Project("{9A19103F-16F7-4668-BE54-9A1E7A4F7556}") = "17_EventsExample5", "17_EventsExample5\17_EventsExample5.csproj", "{8A47B3C3-6AF0-48C4-BC59-FE6A7B67881A}"
EndProject
Project("{9A19103F-16F7-4668-BE54-9A1E7A4F7556}") = "TelegramBot", "TelegramBot\TelegramBot.csproj", "{83E6A55C-64CF-42F8-828B-E85399B848EA}"
EndProject
Project("{9A19103F-16F7-4668-BE54-9A1E7A4F7556}") = "21_WebApplication1", "21_WebApplication1\21_WebApplication1.csproj", "{6500A789-1849-4B45-80D5-B4E2B2D82607}"
EndProject
Project("{9A19103F-16F7-4668-BE54-9A1E7A4F7556}") = "22_WebApplication1", "22_WebApplication1\22_WebApplication1.csproj", "{E58733EE-B573-435D-A8C4-7728483FEC91}"
EndProject
Project("{FAE04EC0-301F-11D3-BF4B-00C04F79EFBC}") = "A_Drawing", "A_Drawing\A_Drawing.csproj", "{225EF4F9-92C4-417E-9509-1D023A87886F}"
EndProject
Project("{FAE04EC0-301F-11D3-BF4B-00C04F79EFBC}") = "test_brush", "test_brush\test_brush.csproj", "{CBCCC60F-07EB-4AD4-A6BA-C3D929CF3303}"
EndProject
Project("{9A19103F-16F7-4668-BE54-9A1E7A4F7556}") = "WebApp_Books", "WebApp_Books\WebApp_Books.csproj", "{2855F7FA-4CBE-4219-A23C-F255DBF02F4B}"
EndProject
Project("{9A19103F-16F7-4668-BE54-9A1E7A4F7556}") = "CitiesDataStore.Core", "CitiesDataStore.Core\CitiesDataStore.Core.csproj", "{102708A3-4388-4603-B01D-B5D478197A18}"
EndProject
Project("{9A19103F-16F7-4668-BE54-9A1E7A4F7556}") = "CitiesDataStore.InMemory", "CitiesDataStore.InMemory\CitiesDataStore.InMemory.csproj", "{21F50BA6-A5FF-4037-962C-62E174BBCEF8}"
EndProject
Project("{9A19103F-16F7-4668-BE54-9A1E7A4F7556}") = "BooksDatastore.Core", "BooksDatastore.Core\BooksDatastore.Core.csproj", "{3F0038C5-1E2A-4941-AB0C-1A10D059A7A0}"
EndProject
Project("{9A19103F-16F7-4668-BE54-9A1E7A4F7556}") = "BooksDatastore.InMemory", "BooksDatastore.InMemory\BooksDatastore.InMemory.csproj", "{8B2846B4-2644-4EFE-A037-FCDE7B3FB94F}"
EndProject
Project("{9A19103F-16F7-4668-BE54-9A1E7A4F7556}") = "Timofey1", "Timofey1\Timofey1.csproj", "{6254F6E1-0E4D-46C0-880E-A288F3D5EFF6}"
EndProject
Project("{9A19103F-16F7-4668-BE54-9A1E7A4F7556}") = "Sasha_1", "Sasha_1\Sasha_1.csproj", "{4B6F42D4-02EF-4093-897B-6A23BB945CB6}"
EndProject
Project("{9A19103F-16F7-4668-BE54-9A1E7A4F7556}") = "TelegramExample", "TelegramExample\TelegramExample.csproj", "{8A129586-0388-4F55-B70B-46EAEE5DB882}"
EndProject
Project("{9A19103F-16F7-4668-BE54-9A1E7A4F7556}") = "EntityFrameworkExample", "EntityFrameworkExample\EntityFrameworkExample.csproj", "{601BBDD9-04DD-4D79-AA92-3F15BDEA64E1}"
EndProject
Project("{9A19103F-16F7-4668-BE54-9A1E7A4F7556}") = "EntityFrameworkCreateDbExample", "EntityFrameworkCreateDbExample\EntityFrameworkCreateDbExample.csproj", "{059ADF79-35E9-4EFB-A934-6A3A009C1E8E}"
EndProject
Project("{9A19103F-16F7-4668-BE54-9A1E7A4F7556}") = "EntityFrameworkStorageExample", "EntityFrameworkStorageExample\EntityFrameworkStorageExample.csproj", "{C865C4FE-5E27-4E0E-8349-F12960D516D2}"
EndProject
Project("{9A19103F-16F7-4668-BE54-9A1E7A4F7556}") = "ReadWriteJsonFile", "ReadWriteJsonFile\ReadWriteJsonFile.csproj", "{9C36F5FA-70C4-4AAE-BF8F-9E0001260BA8}"
EndProject
Project("{9A19103F-16F7-4668-BE54-9A1E7A4F7556}") = "10_ClassesSubClasses", "10_ClassesSubClasses\10_ClassesSubClasses.csproj", "{7E11F7E2-FC97-49D5-916D-F750BA96B259}"
EndProject
Project("{9A19103F-16F7-4668-BE54-9A1E7A4F7556}") = "12_Nasledovanie", "12_Nasledovanie\12_Nasledovanie.csproj", "{D83868C1-C655-4A03-BC06-B6435DF973F1}"
EndProject
Project("{9A19103F-16F7-4668-BE54-9A1E7A4F7556}") = "11_Constructors", "11_Constructors\11_Constructors.csproj", "{25ED8958-548C-481A-A183-CFF06A62B32C}"
EndProject
Project("{FAE04EC0-301F-11D3-BF4B-00C04F79EFBC}") = "12_Nasledovanie_2", "12_Nasledovanie_2\12_Nasledovanie_2.csproj", "{0CF15178-277B-40C3-8F6E-FB9483E3B2EE}"
EndProject
Global
	GlobalSection(SolutionConfigurationPlatforms) = preSolution
		Debug|Any CPU = Debug|Any CPU
		Release|Any CPU = Release|Any CPU
	EndGlobalSection
	GlobalSection(ProjectConfigurationPlatforms) = postSolution
		{CBB0A80A-1612-4AB6-BA88-105DE6703E98}.Debug|Any CPU.ActiveCfg = Debug|Any CPU
		{CBB0A80A-1612-4AB6-BA88-105DE6703E98}.Debug|Any CPU.Build.0 = Debug|Any CPU
		{CBB0A80A-1612-4AB6-BA88-105DE6703E98}.Release|Any CPU.ActiveCfg = Release|Any CPU
		{CBB0A80A-1612-4AB6-BA88-105DE6703E98}.Release|Any CPU.Build.0 = Release|Any CPU
		{3578B02E-E6F4-49DD-8F01-80D6C6412314}.Debug|Any CPU.ActiveCfg = Debug|Any CPU
		{3578B02E-E6F4-49DD-8F01-80D6C6412314}.Debug|Any CPU.Build.0 = Debug|Any CPU
		{3578B02E-E6F4-49DD-8F01-80D6C6412314}.Release|Any CPU.ActiveCfg = Release|Any CPU
		{3578B02E-E6F4-49DD-8F01-80D6C6412314}.Release|Any CPU.Build.0 = Release|Any CPU
		{CED6477C-430D-41B7-822E-1A3FBFEF15EB}.Debug|Any CPU.ActiveCfg = Debug|Any CPU
		{CED6477C-430D-41B7-822E-1A3FBFEF15EB}.Debug|Any CPU.Build.0 = Debug|Any CPU
		{CED6477C-430D-41B7-822E-1A3FBFEF15EB}.Release|Any CPU.ActiveCfg = Release|Any CPU
		{CED6477C-430D-41B7-822E-1A3FBFEF15EB}.Release|Any CPU.Build.0 = Release|Any CPU
		{F957B7A1-271F-4C3D-A823-B7BD56661858}.Debug|Any CPU.ActiveCfg = Debug|Any CPU
		{F957B7A1-271F-4C3D-A823-B7BD56661858}.Debug|Any CPU.Build.0 = Debug|Any CPU
		{F957B7A1-271F-4C3D-A823-B7BD56661858}.Release|Any CPU.ActiveCfg = Release|Any CPU
		{F957B7A1-271F-4C3D-A823-B7BD56661858}.Release|Any CPU.Build.0 = Release|Any CPU
		{BE172995-5C92-43E7-A279-D8E21871F4EA}.Debug|Any CPU.ActiveCfg = Debug|Any CPU
		{BE172995-5C92-43E7-A279-D8E21871F4EA}.Debug|Any CPU.Build.0 = Debug|Any CPU
		{BE172995-5C92-43E7-A279-D8E21871F4EA}.Release|Any CPU.ActiveCfg = Release|Any CPU
		{BE172995-5C92-43E7-A279-D8E21871F4EA}.Release|Any CPU.Build.0 = Release|Any CPU
		{4FCF54A8-70F7-45F5-B99F-E121C505E6CD}.Debug|Any CPU.ActiveCfg = Debug|Any CPU
		{4FCF54A8-70F7-45F5-B99F-E121C505E6CD}.Debug|Any CPU.Build.0 = Debug|Any CPU
		{4FCF54A8-70F7-45F5-B99F-E121C505E6CD}.Release|Any CPU.ActiveCfg = Release|Any CPU
		{4FCF54A8-70F7-45F5-B99F-E121C505E6CD}.Release|Any CPU.Build.0 = Release|Any CPU
		{B866D766-4FC1-4EBA-8837-053B8B514350}.Debug|Any CPU.ActiveCfg = Debug|Any CPU
		{B866D766-4FC1-4EBA-8837-053B8B514350}.Debug|Any CPU.Build.0 = Debug|Any CPU
		{B866D766-4FC1-4EBA-8837-053B8B514350}.Release|Any CPU.ActiveCfg = Release|Any CPU
		{B866D766-4FC1-4EBA-8837-053B8B514350}.Release|Any CPU.Build.0 = Release|Any CPU
		{57F1C562-0694-445A-914F-55AB6E406997}.Debug|Any CPU.ActiveCfg = Debug|Any CPU
		{57F1C562-0694-445A-914F-55AB6E406997}.Debug|Any CPU.Build.0 = Debug|Any CPU
		{57F1C562-0694-445A-914F-55AB6E406997}.Release|Any CPU.ActiveCfg = Release|Any CPU
		{57F1C562-0694-445A-914F-55AB6E406997}.Release|Any CPU.Build.0 = Release|Any CPU
		{8B4C8F2D-36E4-46AA-A878-B1D8F4EFDD64}.Debug|Any CPU.ActiveCfg = Debug|Any CPU
		{8B4C8F2D-36E4-46AA-A878-B1D8F4EFDD64}.Debug|Any CPU.Build.0 = Debug|Any CPU
		{8B4C8F2D-36E4-46AA-A878-B1D8F4EFDD64}.Release|Any CPU.ActiveCfg = Release|Any CPU
		{8B4C8F2D-36E4-46AA-A878-B1D8F4EFDD64}.Release|Any CPU.Build.0 = Release|Any CPU
		{395152F4-C0B9-44F4-BDE8-3E45B023EC55}.Debug|Any CPU.ActiveCfg = Debug|Any CPU
		{395152F4-C0B9-44F4-BDE8-3E45B023EC55}.Debug|Any CPU.Build.0 = Debug|Any CPU
		{395152F4-C0B9-44F4-BDE8-3E45B023EC55}.Release|Any CPU.ActiveCfg = Release|Any CPU
		{395152F4-C0B9-44F4-BDE8-3E45B023EC55}.Release|Any CPU.Build.0 = Release|Any CPU
		{384EB6B1-5D02-4A30-9584-12C0EF37C787}.Debug|Any CPU.ActiveCfg = Debug|Any CPU
		{384EB6B1-5D02-4A30-9584-12C0EF37C787}.Debug|Any CPU.Build.0 = Debug|Any CPU
		{384EB6B1-5D02-4A30-9584-12C0EF37C787}.Release|Any CPU.ActiveCfg = Release|Any CPU
		{384EB6B1-5D02-4A30-9584-12C0EF37C787}.Release|Any CPU.Build.0 = Release|Any CPU
		{E4DE1AB2-ABAC-417C-A68C-F5D325FB9B38}.Debug|Any CPU.ActiveCfg = Debug|Any CPU
		{E4DE1AB2-ABAC-417C-A68C-F5D325FB9B38}.Debug|Any CPU.Build.0 = Debug|Any CPU
		{E4DE1AB2-ABAC-417C-A68C-F5D325FB9B38}.Release|Any CPU.ActiveCfg = Release|Any CPU
		{E4DE1AB2-ABAC-417C-A68C-F5D325FB9B38}.Release|Any CPU.Build.0 = Release|Any CPU
		{67B081A2-43A6-4244-8B4B-F77179D09A85}.Debug|Any CPU.ActiveCfg = Debug|Any CPU
		{67B081A2-43A6-4244-8B4B-F77179D09A85}.Debug|Any CPU.Build.0 = Debug|Any CPU
		{67B081A2-43A6-4244-8B4B-F77179D09A85}.Release|Any CPU.ActiveCfg = Release|Any CPU
		{67B081A2-43A6-4244-8B4B-F77179D09A85}.Release|Any CPU.Build.0 = Release|Any CPU
		{47EAFD3F-F704-4D72-95CE-642196D64979}.Debug|Any CPU.ActiveCfg = Debug|Any CPU
		{47EAFD3F-F704-4D72-95CE-642196D64979}.Debug|Any CPU.Build.0 = Debug|Any CPU
		{47EAFD3F-F704-4D72-95CE-642196D64979}.Release|Any CPU.ActiveCfg = Release|Any CPU
		{47EAFD3F-F704-4D72-95CE-642196D64979}.Release|Any CPU.Build.0 = Release|Any CPU
		{8727F6E0-A00C-4378-8036-637D39BEE3C4}.Debug|Any CPU.ActiveCfg = Debug|Any CPU
		{8727F6E0-A00C-4378-8036-637D39BEE3C4}.Debug|Any CPU.Build.0 = Debug|Any CPU
		{8727F6E0-A00C-4378-8036-637D39BEE3C4}.Release|Any CPU.ActiveCfg = Release|Any CPU
		{8727F6E0-A00C-4378-8036-637D39BEE3C4}.Release|Any CPU.Build.0 = Release|Any CPU
		{17B093FC-5C4D-4BC3-9A0F-47148DD932BB}.Debug|Any CPU.ActiveCfg = Debug|Any CPU
		{17B093FC-5C4D-4BC3-9A0F-47148DD932BB}.Debug|Any CPU.Build.0 = Debug|Any CPU
		{17B093FC-5C4D-4BC3-9A0F-47148DD932BB}.Release|Any CPU.ActiveCfg = Release|Any CPU
		{17B093FC-5C4D-4BC3-9A0F-47148DD932BB}.Release|Any CPU.Build.0 = Release|Any CPU
		{5101C4D5-6D35-491E-930D-0C7663DCF856}.Debug|Any CPU.ActiveCfg = Debug|Any CPU
		{5101C4D5-6D35-491E-930D-0C7663DCF856}.Debug|Any CPU.Build.0 = Debug|Any CPU
		{5101C4D5-6D35-491E-930D-0C7663DCF856}.Release|Any CPU.ActiveCfg = Release|Any CPU
		{5101C4D5-6D35-491E-930D-0C7663DCF856}.Release|Any CPU.Build.0 = Release|Any CPU
		{4864465C-9670-4D46-B594-D326910E1296}.Debug|Any CPU.ActiveCfg = Debug|Any CPU
		{4864465C-9670-4D46-B594-D326910E1296}.Debug|Any CPU.Build.0 = Debug|Any CPU
		{4864465C-9670-4D46-B594-D326910E1296}.Release|Any CPU.ActiveCfg = Release|Any CPU
		{4864465C-9670-4D46-B594-D326910E1296}.Release|Any CPU.Build.0 = Release|Any CPU
		{4E16C678-C673-4133-963D-0770F40C8A27}.Debug|Any CPU.ActiveCfg = Debug|Any CPU
		{4E16C678-C673-4133-963D-0770F40C8A27}.Debug|Any CPU.Build.0 = Debug|Any CPU
		{4E16C678-C673-4133-963D-0770F40C8A27}.Release|Any CPU.ActiveCfg = Release|Any CPU
		{4E16C678-C673-4133-963D-0770F40C8A27}.Release|Any CPU.Build.0 = Release|Any CPU
		{674F0526-62A0-4442-9AF7-98EA207E0D9F}.Debug|Any CPU.ActiveCfg = Debug|Any CPU
		{674F0526-62A0-4442-9AF7-98EA207E0D9F}.Debug|Any CPU.Build.0 = Debug|Any CPU
		{674F0526-62A0-4442-9AF7-98EA207E0D9F}.Release|Any CPU.ActiveCfg = Release|Any CPU
		{674F0526-62A0-4442-9AF7-98EA207E0D9F}.Release|Any CPU.Build.0 = Release|Any CPU
		{0FC5E651-A6B6-42A1-B412-9830CBABBA28}.Debug|Any CPU.ActiveCfg = Debug|Any CPU
		{0FC5E651-A6B6-42A1-B412-9830CBABBA28}.Debug|Any CPU.Build.0 = Debug|Any CPU
		{0FC5E651-A6B6-42A1-B412-9830CBABBA28}.Release|Any CPU.ActiveCfg = Release|Any CPU
		{0FC5E651-A6B6-42A1-B412-9830CBABBA28}.Release|Any CPU.Build.0 = Release|Any CPU
		{08B86138-04CA-4E01-9C86-38698CA2BAC1}.Debug|Any CPU.ActiveCfg = Debug|Any CPU
		{08B86138-04CA-4E01-9C86-38698CA2BAC1}.Debug|Any CPU.Build.0 = Debug|Any CPU
		{08B86138-04CA-4E01-9C86-38698CA2BAC1}.Release|Any CPU.ActiveCfg = Release|Any CPU
		{08B86138-04CA-4E01-9C86-38698CA2BAC1}.Release|Any CPU.Build.0 = Release|Any CPU
		{0C94859C-5993-4C6B-90AB-47659E34B665}.Debug|Any CPU.ActiveCfg = Debug|Any CPU
		{0C94859C-5993-4C6B-90AB-47659E34B665}.Debug|Any CPU.Build.0 = Debug|Any CPU
		{0C94859C-5993-4C6B-90AB-47659E34B665}.Release|Any CPU.ActiveCfg = Release|Any CPU
		{0C94859C-5993-4C6B-90AB-47659E34B665}.Release|Any CPU.Build.0 = Release|Any CPU
		{8DD23FE6-B05C-42FD-974E-A6609EF39595}.Debug|Any CPU.ActiveCfg = Debug|Any CPU
		{8DD23FE6-B05C-42FD-974E-A6609EF39595}.Debug|Any CPU.Build.0 = Debug|Any CPU
		{8DD23FE6-B05C-42FD-974E-A6609EF39595}.Release|Any CPU.ActiveCfg = Release|Any CPU
		{8DD23FE6-B05C-42FD-974E-A6609EF39595}.Release|Any CPU.Build.0 = Release|Any CPU
		{ECC38086-A18A-43B0-9573-45645C2530CD}.Debug|Any CPU.ActiveCfg = Debug|Any CPU
		{ECC38086-A18A-43B0-9573-45645C2530CD}.Debug|Any CPU.Build.0 = Debug|Any CPU
		{ECC38086-A18A-43B0-9573-45645C2530CD}.Release|Any CPU.ActiveCfg = Release|Any CPU
		{ECC38086-A18A-43B0-9573-45645C2530CD}.Release|Any CPU.Build.0 = Release|Any CPU
		{62178356-1AC0-4D9F-AFA8-82924EB8FAF9}.Debug|Any CPU.ActiveCfg = Debug|Any CPU
		{62178356-1AC0-4D9F-AFA8-82924EB8FAF9}.Debug|Any CPU.Build.0 = Debug|Any CPU
		{62178356-1AC0-4D9F-AFA8-82924EB8FAF9}.Release|Any CPU.ActiveCfg = Release|Any CPU
		{62178356-1AC0-4D9F-AFA8-82924EB8FAF9}.Release|Any CPU.Build.0 = Release|Any CPU
		{841FDEE8-B8CC-4204-8720-D8E9DA1341BC}.Debug|Any CPU.ActiveCfg = Debug|Any CPU
		{841FDEE8-B8CC-4204-8720-D8E9DA1341BC}.Debug|Any CPU.Build.0 = Debug|Any CPU
		{841FDEE8-B8CC-4204-8720-D8E9DA1341BC}.Release|Any CPU.ActiveCfg = Release|Any CPU
		{841FDEE8-B8CC-4204-8720-D8E9DA1341BC}.Release|Any CPU.Build.0 = Release|Any CPU
		{915BFFCA-0F00-4701-BCB3-ACC811B94C3F}.Debug|Any CPU.ActiveCfg = Debug|Any CPU
		{915BFFCA-0F00-4701-BCB3-ACC811B94C3F}.Debug|Any CPU.Build.0 = Debug|Any CPU
		{915BFFCA-0F00-4701-BCB3-ACC811B94C3F}.Release|Any CPU.ActiveCfg = Release|Any CPU
		{915BFFCA-0F00-4701-BCB3-ACC811B94C3F}.Release|Any CPU.Build.0 = Release|Any CPU
		{AC518FFB-9D04-4CCD-AE15-2E531458DD99}.Debug|Any CPU.ActiveCfg = Debug|Any CPU
		{AC518FFB-9D04-4CCD-AE15-2E531458DD99}.Debug|Any CPU.Build.0 = Debug|Any CPU
		{AC518FFB-9D04-4CCD-AE15-2E531458DD99}.Release|Any CPU.ActiveCfg = Release|Any CPU
		{AC518FFB-9D04-4CCD-AE15-2E531458DD99}.Release|Any CPU.Build.0 = Release|Any CPU
		{6545C08D-1DFD-4A40-AC1E-A26136938381}.Debug|Any CPU.ActiveCfg = Debug|Any CPU
		{6545C08D-1DFD-4A40-AC1E-A26136938381}.Debug|Any CPU.Build.0 = Debug|Any CPU
		{6545C08D-1DFD-4A40-AC1E-A26136938381}.Release|Any CPU.ActiveCfg = Release|Any CPU
		{6545C08D-1DFD-4A40-AC1E-A26136938381}.Release|Any CPU.Build.0 = Release|Any CPU
		{A995B07E-2769-4073-B4F1-CFBD49D37DF1}.Debug|Any CPU.ActiveCfg = Debug|Any CPU
		{A995B07E-2769-4073-B4F1-CFBD49D37DF1}.Debug|Any CPU.Build.0 = Debug|Any CPU
		{A995B07E-2769-4073-B4F1-CFBD49D37DF1}.Release|Any CPU.ActiveCfg = Release|Any CPU
		{A995B07E-2769-4073-B4F1-CFBD49D37DF1}.Release|Any CPU.Build.0 = Release|Any CPU
		{E0DB83AC-F91C-4AA5-97F5-4FD2A18FE784}.Debug|Any CPU.ActiveCfg = Debug|Any CPU
		{E0DB83AC-F91C-4AA5-97F5-4FD2A18FE784}.Debug|Any CPU.Build.0 = Debug|Any CPU
		{E0DB83AC-F91C-4AA5-97F5-4FD2A18FE784}.Release|Any CPU.ActiveCfg = Release|Any CPU
		{E0DB83AC-F91C-4AA5-97F5-4FD2A18FE784}.Release|Any CPU.Build.0 = Release|Any CPU
		{674F181C-5FC6-4138-92C8-8E42FB84A5A7}.Debug|Any CPU.ActiveCfg = Debug|Any CPU
		{674F181C-5FC6-4138-92C8-8E42FB84A5A7}.Debug|Any CPU.Build.0 = Debug|Any CPU
		{674F181C-5FC6-4138-92C8-8E42FB84A5A7}.Release|Any CPU.ActiveCfg = Release|Any CPU
		{674F181C-5FC6-4138-92C8-8E42FB84A5A7}.Release|Any CPU.Build.0 = Release|Any CPU
		{A09DA24F-0F2A-417F-A094-B097014E4908}.Debug|Any CPU.ActiveCfg = Debug|Any CPU
		{A09DA24F-0F2A-417F-A094-B097014E4908}.Debug|Any CPU.Build.0 = Debug|Any CPU
		{A09DA24F-0F2A-417F-A094-B097014E4908}.Release|Any CPU.ActiveCfg = Release|Any CPU
		{A09DA24F-0F2A-417F-A094-B097014E4908}.Release|Any CPU.Build.0 = Release|Any CPU
		{870405CF-631C-4C7F-967E-26EF33906183}.Debug|Any CPU.ActiveCfg = Debug|Any CPU
		{870405CF-631C-4C7F-967E-26EF33906183}.Debug|Any CPU.Build.0 = Debug|Any CPU
		{870405CF-631C-4C7F-967E-26EF33906183}.Release|Any CPU.ActiveCfg = Release|Any CPU
		{870405CF-631C-4C7F-967E-26EF33906183}.Release|Any CPU.Build.0 = Release|Any CPU
		{138A8A1C-6C9E-4239-8D11-C603B00A59A6}.Debug|Any CPU.ActiveCfg = Debug|Any CPU
		{138A8A1C-6C9E-4239-8D11-C603B00A59A6}.Debug|Any CPU.Build.0 = Debug|Any CPU
		{138A8A1C-6C9E-4239-8D11-C603B00A59A6}.Release|Any CPU.ActiveCfg = Release|Any CPU
		{138A8A1C-6C9E-4239-8D11-C603B00A59A6}.Release|Any CPU.Build.0 = Release|Any CPU
		{33F43BAF-450E-467B-AB19-AF85635D1BA1}.Debug|Any CPU.ActiveCfg = Debug|Any CPU
		{33F43BAF-450E-467B-AB19-AF85635D1BA1}.Debug|Any CPU.Build.0 = Debug|Any CPU
		{33F43BAF-450E-467B-AB19-AF85635D1BA1}.Release|Any CPU.ActiveCfg = Release|Any CPU
		{33F43BAF-450E-467B-AB19-AF85635D1BA1}.Release|Any CPU.Build.0 = Release|Any CPU
		{8DEE7670-AF41-4A05-B196-B625153335B6}.Debug|Any CPU.ActiveCfg = Debug|Any CPU
		{8DEE7670-AF41-4A05-B196-B625153335B6}.Debug|Any CPU.Build.0 = Debug|Any CPU
		{8DEE7670-AF41-4A05-B196-B625153335B6}.Release|Any CPU.ActiveCfg = Release|Any CPU
		{8DEE7670-AF41-4A05-B196-B625153335B6}.Release|Any CPU.Build.0 = Release|Any CPU
		{EC3CB528-7320-4C49-A456-BA02FFAE4A87}.Debug|Any CPU.ActiveCfg = Debug|Any CPU
		{EC3CB528-7320-4C49-A456-BA02FFAE4A87}.Debug|Any CPU.Build.0 = Debug|Any CPU
		{EC3CB528-7320-4C49-A456-BA02FFAE4A87}.Release|Any CPU.ActiveCfg = Release|Any CPU
		{EC3CB528-7320-4C49-A456-BA02FFAE4A87}.Release|Any CPU.Build.0 = Release|Any CPU
		{DC969DD4-422E-4860-9B23-835979490DC3}.Debug|Any CPU.ActiveCfg = Debug|Any CPU
		{DC969DD4-422E-4860-9B23-835979490DC3}.Debug|Any CPU.Build.0 = Debug|Any CPU
		{DC969DD4-422E-4860-9B23-835979490DC3}.Release|Any CPU.ActiveCfg = Release|Any CPU
		{DC969DD4-422E-4860-9B23-835979490DC3}.Release|Any CPU.Build.0 = Release|Any CPU
		{501BD601-23EF-4767-9A07-ED507CAA321A}.Debug|Any CPU.ActiveCfg = Debug|Any CPU
		{501BD601-23EF-4767-9A07-ED507CAA321A}.Debug|Any CPU.Build.0 = Debug|Any CPU
		{501BD601-23EF-4767-9A07-ED507CAA321A}.Release|Any CPU.ActiveCfg = Release|Any CPU
		{501BD601-23EF-4767-9A07-ED507CAA321A}.Release|Any CPU.Build.0 = Release|Any CPU
		{6A5EB9EF-257F-4F95-A159-2FB76848F926}.Debug|Any CPU.ActiveCfg = Debug|Any CPU
		{6A5EB9EF-257F-4F95-A159-2FB76848F926}.Debug|Any CPU.Build.0 = Debug|Any CPU
		{6A5EB9EF-257F-4F95-A159-2FB76848F926}.Release|Any CPU.ActiveCfg = Release|Any CPU
		{6A5EB9EF-257F-4F95-A159-2FB76848F926}.Release|Any CPU.Build.0 = Release|Any CPU
		{74EB1892-6C0F-4AE1-BC14-1ED68C0D7643}.Debug|Any CPU.ActiveCfg = Debug|Any CPU
		{74EB1892-6C0F-4AE1-BC14-1ED68C0D7643}.Debug|Any CPU.Build.0 = Debug|Any CPU
		{74EB1892-6C0F-4AE1-BC14-1ED68C0D7643}.Release|Any CPU.ActiveCfg = Release|Any CPU
		{74EB1892-6C0F-4AE1-BC14-1ED68C0D7643}.Release|Any CPU.Build.0 = Release|Any CPU
		{DDE053C9-AF83-49C8-8A37-475CD00AD9A9}.Debug|Any CPU.ActiveCfg = Debug|Any CPU
		{DDE053C9-AF83-49C8-8A37-475CD00AD9A9}.Debug|Any CPU.Build.0 = Debug|Any CPU
		{DDE053C9-AF83-49C8-8A37-475CD00AD9A9}.Release|Any CPU.ActiveCfg = Release|Any CPU
		{DDE053C9-AF83-49C8-8A37-475CD00AD9A9}.Release|Any CPU.Build.0 = Release|Any CPU
		{D382215C-07A7-44BF-9568-43D72DCE2481}.Debug|Any CPU.ActiveCfg = Debug|Any CPU
		{D382215C-07A7-44BF-9568-43D72DCE2481}.Debug|Any CPU.Build.0 = Debug|Any CPU
		{D382215C-07A7-44BF-9568-43D72DCE2481}.Release|Any CPU.ActiveCfg = Release|Any CPU
		{D382215C-07A7-44BF-9568-43D72DCE2481}.Release|Any CPU.Build.0 = Release|Any CPU
		{58D356B9-F908-44A5-97A7-FCD4EA7B208F}.Debug|Any CPU.ActiveCfg = Debug|Any CPU
		{58D356B9-F908-44A5-97A7-FCD4EA7B208F}.Debug|Any CPU.Build.0 = Debug|Any CPU
		{58D356B9-F908-44A5-97A7-FCD4EA7B208F}.Release|Any CPU.ActiveCfg = Release|Any CPU
		{58D356B9-F908-44A5-97A7-FCD4EA7B208F}.Release|Any CPU.Build.0 = Release|Any CPU
		{1389A29E-503D-4EAD-B331-9099D5765379}.Debug|Any CPU.ActiveCfg = Debug|Any CPU
		{1389A29E-503D-4EAD-B331-9099D5765379}.Debug|Any CPU.Build.0 = Debug|Any CPU
		{1389A29E-503D-4EAD-B331-9099D5765379}.Release|Any CPU.ActiveCfg = Release|Any CPU
		{1389A29E-503D-4EAD-B331-9099D5765379}.Release|Any CPU.Build.0 = Release|Any CPU
		{3DDC784C-702E-4DF3-AD68-F4BD43396E3E}.Debug|Any CPU.ActiveCfg = Debug|Any CPU
		{3DDC784C-702E-4DF3-AD68-F4BD43396E3E}.Debug|Any CPU.Build.0 = Debug|Any CPU
		{3DDC784C-702E-4DF3-AD68-F4BD43396E3E}.Release|Any CPU.ActiveCfg = Release|Any CPU
		{3DDC784C-702E-4DF3-AD68-F4BD43396E3E}.Release|Any CPU.Build.0 = Release|Any CPU
		{EE0F3DA8-9AA3-4878-B423-FF87BF5D562B}.Debug|Any CPU.ActiveCfg = Debug|Any CPU
		{EE0F3DA8-9AA3-4878-B423-FF87BF5D562B}.Debug|Any CPU.Build.0 = Debug|Any CPU
		{EE0F3DA8-9AA3-4878-B423-FF87BF5D562B}.Release|Any CPU.ActiveCfg = Release|Any CPU
		{EE0F3DA8-9AA3-4878-B423-FF87BF5D562B}.Release|Any CPU.Build.0 = Release|Any CPU
		{E4143B8C-1161-4E9D-BABE-6805B2306DD6}.Debug|Any CPU.ActiveCfg = Debug|Any CPU
		{E4143B8C-1161-4E9D-BABE-6805B2306DD6}.Debug|Any CPU.Build.0 = Debug|Any CPU
		{E4143B8C-1161-4E9D-BABE-6805B2306DD6}.Release|Any CPU.ActiveCfg = Release|Any CPU
		{E4143B8C-1161-4E9D-BABE-6805B2306DD6}.Release|Any CPU.Build.0 = Release|Any CPU
		{FAECCF2E-6DED-4F1E-A908-6D3FBA12066C}.Debug|Any CPU.ActiveCfg = Debug|Any CPU
		{FAECCF2E-6DED-4F1E-A908-6D3FBA12066C}.Debug|Any CPU.Build.0 = Debug|Any CPU
		{FAECCF2E-6DED-4F1E-A908-6D3FBA12066C}.Release|Any CPU.ActiveCfg = Release|Any CPU
		{FAECCF2E-6DED-4F1E-A908-6D3FBA12066C}.Release|Any CPU.Build.0 = Release|Any CPU
		{EBC6903E-D2CE-4D43-B80D-4B5C30E53BBE}.Debug|Any CPU.ActiveCfg = Debug|Any CPU
		{EBC6903E-D2CE-4D43-B80D-4B5C30E53BBE}.Debug|Any CPU.Build.0 = Debug|Any CPU
		{EBC6903E-D2CE-4D43-B80D-4B5C30E53BBE}.Release|Any CPU.ActiveCfg = Release|Any CPU
		{EBC6903E-D2CE-4D43-B80D-4B5C30E53BBE}.Release|Any CPU.Build.0 = Release|Any CPU
		{61266B63-25BE-401A-8C4A-C1035210BD75}.Debug|Any CPU.ActiveCfg = Debug|Any CPU
		{61266B63-25BE-401A-8C4A-C1035210BD75}.Debug|Any CPU.Build.0 = Debug|Any CPU
		{61266B63-25BE-401A-8C4A-C1035210BD75}.Release|Any CPU.ActiveCfg = Release|Any CPU
		{61266B63-25BE-401A-8C4A-C1035210BD75}.Release|Any CPU.Build.0 = Release|Any CPU
		{4A1E9A70-75E2-499F-8C3E-8BF124DE2BF9}.Debug|Any CPU.ActiveCfg = Debug|Any CPU
		{4A1E9A70-75E2-499F-8C3E-8BF124DE2BF9}.Debug|Any CPU.Build.0 = Debug|Any CPU
		{4A1E9A70-75E2-499F-8C3E-8BF124DE2BF9}.Release|Any CPU.ActiveCfg = Release|Any CPU
		{4A1E9A70-75E2-499F-8C3E-8BF124DE2BF9}.Release|Any CPU.Build.0 = Release|Any CPU
		{EFC8F010-C94E-4A8E-A8DE-B8A3C158D022}.Debug|Any CPU.ActiveCfg = Debug|Any CPU
		{EFC8F010-C94E-4A8E-A8DE-B8A3C158D022}.Debug|Any CPU.Build.0 = Debug|Any CPU
		{EFC8F010-C94E-4A8E-A8DE-B8A3C158D022}.Release|Any CPU.ActiveCfg = Release|Any CPU
		{EFC8F010-C94E-4A8E-A8DE-B8A3C158D022}.Release|Any CPU.Build.0 = Release|Any CPU
		{3E9BD2F1-3F05-4AC0-B989-F7FF7120EE2A}.Debug|Any CPU.ActiveCfg = Debug|Any CPU
		{3E9BD2F1-3F05-4AC0-B989-F7FF7120EE2A}.Debug|Any CPU.Build.0 = Debug|Any CPU
		{3E9BD2F1-3F05-4AC0-B989-F7FF7120EE2A}.Release|Any CPU.ActiveCfg = Release|Any CPU
		{3E9BD2F1-3F05-4AC0-B989-F7FF7120EE2A}.Release|Any CPU.Build.0 = Release|Any CPU
		{A0C008C1-45CF-4B20-834C-FFB7C37CD9CB}.Debug|Any CPU.ActiveCfg = Debug|Any CPU
		{A0C008C1-45CF-4B20-834C-FFB7C37CD9CB}.Debug|Any CPU.Build.0 = Debug|Any CPU
		{A0C008C1-45CF-4B20-834C-FFB7C37CD9CB}.Release|Any CPU.ActiveCfg = Release|Any CPU
		{A0C008C1-45CF-4B20-834C-FFB7C37CD9CB}.Release|Any CPU.Build.0 = Release|Any CPU
		{6E93947A-4522-40AA-BB8D-8DC7BAEE4DFC}.Debug|Any CPU.ActiveCfg = Debug|Any CPU
		{6E93947A-4522-40AA-BB8D-8DC7BAEE4DFC}.Debug|Any CPU.Build.0 = Debug|Any CPU
		{6E93947A-4522-40AA-BB8D-8DC7BAEE4DFC}.Release|Any CPU.ActiveCfg = Release|Any CPU
		{6E93947A-4522-40AA-BB8D-8DC7BAEE4DFC}.Release|Any CPU.Build.0 = Release|Any CPU
		{034312DF-36FA-44DA-AA80-4932A7DBB808}.Debug|Any CPU.ActiveCfg = Debug|Any CPU
		{034312DF-36FA-44DA-AA80-4932A7DBB808}.Debug|Any CPU.Build.0 = Debug|Any CPU
		{034312DF-36FA-44DA-AA80-4932A7DBB808}.Release|Any CPU.ActiveCfg = Release|Any CPU
		{034312DF-36FA-44DA-AA80-4932A7DBB808}.Release|Any CPU.Build.0 = Release|Any CPU
		{E2B934D3-B89C-4735-A4F0-C381728262FE}.Debug|Any CPU.ActiveCfg = Debug|Any CPU
		{E2B934D3-B89C-4735-A4F0-C381728262FE}.Debug|Any CPU.Build.0 = Debug|Any CPU
		{E2B934D3-B89C-4735-A4F0-C381728262FE}.Release|Any CPU.ActiveCfg = Release|Any CPU
		{E2B934D3-B89C-4735-A4F0-C381728262FE}.Release|Any CPU.Build.0 = Release|Any CPU
		{007B96B5-2EED-4301-9EAA-893EAE99ABB9}.Debug|Any CPU.ActiveCfg = Debug|Any CPU
		{007B96B5-2EED-4301-9EAA-893EAE99ABB9}.Debug|Any CPU.Build.0 = Debug|Any CPU
		{007B96B5-2EED-4301-9EAA-893EAE99ABB9}.Release|Any CPU.ActiveCfg = Release|Any CPU
		{007B96B5-2EED-4301-9EAA-893EAE99ABB9}.Release|Any CPU.Build.0 = Release|Any CPU
		{F8130242-99F1-49C8-AE76-56D5AFC7B32C}.Debug|Any CPU.ActiveCfg = Debug|Any CPU
		{F8130242-99F1-49C8-AE76-56D5AFC7B32C}.Debug|Any CPU.Build.0 = Debug|Any CPU
		{F8130242-99F1-49C8-AE76-56D5AFC7B32C}.Release|Any CPU.ActiveCfg = Release|Any CPU
		{F8130242-99F1-49C8-AE76-56D5AFC7B32C}.Release|Any CPU.Build.0 = Release|Any CPU
		{F7D9C41D-49A6-4298-B4BD-BA93257A47FA}.Debug|Any CPU.ActiveCfg = Debug|Any CPU
		{F7D9C41D-49A6-4298-B4BD-BA93257A47FA}.Debug|Any CPU.Build.0 = Debug|Any CPU
		{F7D9C41D-49A6-4298-B4BD-BA93257A47FA}.Release|Any CPU.ActiveCfg = Release|Any CPU
		{F7D9C41D-49A6-4298-B4BD-BA93257A47FA}.Release|Any CPU.Build.0 = Release|Any CPU
		{8A47B3C3-6AF0-48C4-BC59-FE6A7B67881A}.Debug|Any CPU.ActiveCfg = Debug|Any CPU
		{8A47B3C3-6AF0-48C4-BC59-FE6A7B67881A}.Debug|Any CPU.Build.0 = Debug|Any CPU
		{8A47B3C3-6AF0-48C4-BC59-FE6A7B67881A}.Release|Any CPU.ActiveCfg = Release|Any CPU
		{8A47B3C3-6AF0-48C4-BC59-FE6A7B67881A}.Release|Any CPU.Build.0 = Release|Any CPU
		{83E6A55C-64CF-42F8-828B-E85399B848EA}.Debug|Any CPU.ActiveCfg = Debug|Any CPU
		{83E6A55C-64CF-42F8-828B-E85399B848EA}.Debug|Any CPU.Build.0 = Debug|Any CPU
		{83E6A55C-64CF-42F8-828B-E85399B848EA}.Release|Any CPU.ActiveCfg = Release|Any CPU
		{83E6A55C-64CF-42F8-828B-E85399B848EA}.Release|Any CPU.Build.0 = Release|Any CPU
		{6500A789-1849-4B45-80D5-B4E2B2D82607}.Debug|Any CPU.ActiveCfg = Debug|Any CPU
		{6500A789-1849-4B45-80D5-B4E2B2D82607}.Debug|Any CPU.Build.0 = Debug|Any CPU
		{6500A789-1849-4B45-80D5-B4E2B2D82607}.Release|Any CPU.ActiveCfg = Release|Any CPU
		{6500A789-1849-4B45-80D5-B4E2B2D82607}.Release|Any CPU.Build.0 = Release|Any CPU
		{E58733EE-B573-435D-A8C4-7728483FEC91}.Debug|Any CPU.ActiveCfg = Debug|Any CPU
		{E58733EE-B573-435D-A8C4-7728483FEC91}.Debug|Any CPU.Build.0 = Debug|Any CPU
		{E58733EE-B573-435D-A8C4-7728483FEC91}.Release|Any CPU.ActiveCfg = Release|Any CPU
		{E58733EE-B573-435D-A8C4-7728483FEC91}.Release|Any CPU.Build.0 = Release|Any CPU
		{225EF4F9-92C4-417E-9509-1D023A87886F}.Debug|Any CPU.ActiveCfg = Debug|Any CPU
		{225EF4F9-92C4-417E-9509-1D023A87886F}.Debug|Any CPU.Build.0 = Debug|Any CPU
		{225EF4F9-92C4-417E-9509-1D023A87886F}.Release|Any CPU.ActiveCfg = Release|Any CPU
		{225EF4F9-92C4-417E-9509-1D023A87886F}.Release|Any CPU.Build.0 = Release|Any CPU
		{CBCCC60F-07EB-4AD4-A6BA-C3D929CF3303}.Debug|Any CPU.ActiveCfg = Debug|Any CPU
		{CBCCC60F-07EB-4AD4-A6BA-C3D929CF3303}.Debug|Any CPU.Build.0 = Debug|Any CPU
		{CBCCC60F-07EB-4AD4-A6BA-C3D929CF3303}.Release|Any CPU.ActiveCfg = Release|Any CPU
		{CBCCC60F-07EB-4AD4-A6BA-C3D929CF3303}.Release|Any CPU.Build.0 = Release|Any CPU
		{2855F7FA-4CBE-4219-A23C-F255DBF02F4B}.Debug|Any CPU.ActiveCfg = Debug|Any CPU
		{2855F7FA-4CBE-4219-A23C-F255DBF02F4B}.Debug|Any CPU.Build.0 = Debug|Any CPU
		{2855F7FA-4CBE-4219-A23C-F255DBF02F4B}.Release|Any CPU.ActiveCfg = Release|Any CPU
		{2855F7FA-4CBE-4219-A23C-F255DBF02F4B}.Release|Any CPU.Build.0 = Release|Any CPU
		{102708A3-4388-4603-B01D-B5D478197A18}.Debug|Any CPU.ActiveCfg = Debug|Any CPU
		{102708A3-4388-4603-B01D-B5D478197A18}.Debug|Any CPU.Build.0 = Debug|Any CPU
		{102708A3-4388-4603-B01D-B5D478197A18}.Release|Any CPU.ActiveCfg = Release|Any CPU
		{102708A3-4388-4603-B01D-B5D478197A18}.Release|Any CPU.Build.0 = Release|Any CPU
		{21F50BA6-A5FF-4037-962C-62E174BBCEF8}.Debug|Any CPU.ActiveCfg = Debug|Any CPU
		{21F50BA6-A5FF-4037-962C-62E174BBCEF8}.Debug|Any CPU.Build.0 = Debug|Any CPU
		{21F50BA6-A5FF-4037-962C-62E174BBCEF8}.Release|Any CPU.ActiveCfg = Release|Any CPU
		{21F50BA6-A5FF-4037-962C-62E174BBCEF8}.Release|Any CPU.Build.0 = Release|Any CPU
		{3F0038C5-1E2A-4941-AB0C-1A10D059A7A0}.Debug|Any CPU.ActiveCfg = Debug|Any CPU
		{3F0038C5-1E2A-4941-AB0C-1A10D059A7A0}.Debug|Any CPU.Build.0 = Debug|Any CPU
		{3F0038C5-1E2A-4941-AB0C-1A10D059A7A0}.Release|Any CPU.ActiveCfg = Release|Any CPU
		{3F0038C5-1E2A-4941-AB0C-1A10D059A7A0}.Release|Any CPU.Build.0 = Release|Any CPU
		{8B2846B4-2644-4EFE-A037-FCDE7B3FB94F}.Debug|Any CPU.ActiveCfg = Debug|Any CPU
		{8B2846B4-2644-4EFE-A037-FCDE7B3FB94F}.Debug|Any CPU.Build.0 = Debug|Any CPU
		{8B2846B4-2644-4EFE-A037-FCDE7B3FB94F}.Release|Any CPU.ActiveCfg = Release|Any CPU
		{8B2846B4-2644-4EFE-A037-FCDE7B3FB94F}.Release|Any CPU.Build.0 = Release|Any CPU
		{6254F6E1-0E4D-46C0-880E-A288F3D5EFF6}.Debug|Any CPU.ActiveCfg = Debug|Any CPU
		{6254F6E1-0E4D-46C0-880E-A288F3D5EFF6}.Debug|Any CPU.Build.0 = Debug|Any CPU
		{6254F6E1-0E4D-46C0-880E-A288F3D5EFF6}.Release|Any CPU.ActiveCfg = Release|Any CPU
		{6254F6E1-0E4D-46C0-880E-A288F3D5EFF6}.Release|Any CPU.Build.0 = Release|Any CPU
		{4B6F42D4-02EF-4093-897B-6A23BB945CB6}.Debug|Any CPU.ActiveCfg = Debug|Any CPU
		{4B6F42D4-02EF-4093-897B-6A23BB945CB6}.Debug|Any CPU.Build.0 = Debug|Any CPU
		{4B6F42D4-02EF-4093-897B-6A23BB945CB6}.Release|Any CPU.ActiveCfg = Release|Any CPU
		{4B6F42D4-02EF-4093-897B-6A23BB945CB6}.Release|Any CPU.Build.0 = Release|Any CPU
		{8A129586-0388-4F55-B70B-46EAEE5DB882}.Debug|Any CPU.ActiveCfg = Debug|Any CPU
		{8A129586-0388-4F55-B70B-46EAEE5DB882}.Debug|Any CPU.Build.0 = Debug|Any CPU
		{8A129586-0388-4F55-B70B-46EAEE5DB882}.Release|Any CPU.ActiveCfg = Release|Any CPU
		{8A129586-0388-4F55-B70B-46EAEE5DB882}.Release|Any CPU.Build.0 = Release|Any CPU
		{601BBDD9-04DD-4D79-AA92-3F15BDEA64E1}.Debug|Any CPU.ActiveCfg = Debug|Any CPU
		{601BBDD9-04DD-4D79-AA92-3F15BDEA64E1}.Debug|Any CPU.Build.0 = Debug|Any CPU
		{601BBDD9-04DD-4D79-AA92-3F15BDEA64E1}.Release|Any CPU.ActiveCfg = Release|Any CPU
		{601BBDD9-04DD-4D79-AA92-3F15BDEA64E1}.Release|Any CPU.Build.0 = Release|Any CPU
		{059ADF79-35E9-4EFB-A934-6A3A009C1E8E}.Debug|Any CPU.ActiveCfg = Debug|Any CPU
		{059ADF79-35E9-4EFB-A934-6A3A009C1E8E}.Debug|Any CPU.Build.0 = Debug|Any CPU
		{059ADF79-35E9-4EFB-A934-6A3A009C1E8E}.Release|Any CPU.ActiveCfg = Release|Any CPU
		{059ADF79-35E9-4EFB-A934-6A3A009C1E8E}.Release|Any CPU.Build.0 = Release|Any CPU
		{C865C4FE-5E27-4E0E-8349-F12960D516D2}.Debug|Any CPU.ActiveCfg = Debug|Any CPU
		{C865C4FE-5E27-4E0E-8349-F12960D516D2}.Debug|Any CPU.Build.0 = Debug|Any CPU
		{C865C4FE-5E27-4E0E-8349-F12960D516D2}.Release|Any CPU.ActiveCfg = Release|Any CPU
		{C865C4FE-5E27-4E0E-8349-F12960D516D2}.Release|Any CPU.Build.0 = Release|Any CPU
		{9C36F5FA-70C4-4AAE-BF8F-9E0001260BA8}.Debug|Any CPU.ActiveCfg = Debug|Any CPU
		{9C36F5FA-70C4-4AAE-BF8F-9E0001260BA8}.Debug|Any CPU.Build.0 = Debug|Any CPU
		{9C36F5FA-70C4-4AAE-BF8F-9E0001260BA8}.Release|Any CPU.ActiveCfg = Release|Any CPU
		{9C36F5FA-70C4-4AAE-BF8F-9E0001260BA8}.Release|Any CPU.Build.0 = Release|Any CPU
		{7E11F7E2-FC97-49D5-916D-F750BA96B259}.Debug|Any CPU.ActiveCfg = Debug|Any CPU
		{7E11F7E2-FC97-49D5-916D-F750BA96B259}.Debug|Any CPU.Build.0 = Debug|Any CPU
		{7E11F7E2-FC97-49D5-916D-F750BA96B259}.Release|Any CPU.ActiveCfg = Release|Any CPU
		{7E11F7E2-FC97-49D5-916D-F750BA96B259}.Release|Any CPU.Build.0 = Release|Any CPU
		{D83868C1-C655-4A03-BC06-B6435DF973F1}.Debug|Any CPU.ActiveCfg = Debug|Any CPU
		{D83868C1-C655-4A03-BC06-B6435DF973F1}.Debug|Any CPU.Build.0 = Debug|Any CPU
		{D83868C1-C655-4A03-BC06-B6435DF973F1}.Release|Any CPU.ActiveCfg = Release|Any CPU
		{D83868C1-C655-4A03-BC06-B6435DF973F1}.Release|Any CPU.Build.0 = Release|Any CPU
		{25ED8958-548C-481A-A183-CFF06A62B32C}.Debug|Any CPU.ActiveCfg = Debug|Any CPU
		{25ED8958-548C-481A-A183-CFF06A62B32C}.Debug|Any CPU.Build.0 = Debug|Any CPU
		{25ED8958-548C-481A-A183-CFF06A62B32C}.Release|Any CPU.ActiveCfg = Release|Any CPU
		{25ED8958-548C-481A-A183-CFF06A62B32C}.Release|Any CPU.Build.0 = Release|Any CPU
		{0CF15178-277B-40C3-8F6E-FB9483E3B2EE}.Debug|Any CPU.ActiveCfg = Debug|Any CPU
		{0CF15178-277B-40C3-8F6E-FB9483E3B2EE}.Debug|Any CPU.Build.0 = Debug|Any CPU
		{0CF15178-277B-40C3-8F6E-FB9483E3B2EE}.Release|Any CPU.ActiveCfg = Release|Any CPU
		{0CF15178-277B-40C3-8F6E-FB9483E3B2EE}.Release|Any CPU.Build.0 = Release|Any CPU
	EndGlobalSection
	GlobalSection(SolutionProperties) = preSolution
		HideSolutionNode = FALSE
	EndGlobalSection
	GlobalSection(ExtensibilityGlobals) = postSolution
		SolutionGuid = {298E7F43-ABDA-4534-B697-2D76BC3A164B}
	EndGlobalSection
EndGlobal
