
Microsoft Visual Studio Solution File, Format Version 12.00
# Visual Studio 15
VisualStudioVersion = 15.0.28307.1800
MinimumVisualStudioVersion = 10.0.40219.1
Project("{9A19103F-16F7-4668-BE54-9A1E7A4F7556}") = "Calculator_Core", "Calculator_Core\Calculator_Core.csproj", "{CBB0A80A-1612-4AB6-BA88-105DE6703E98}"
EndProject
Project("{9A19103F-16F7-4668-BE54-9A1E7A4F7556}") = "BaseCalculations", "BaseCalculations\BaseCalculations.csproj", "{3578B02E-E6F4-49DD-8F01-80D6C6412314}"
EndProject
Project("{9A19103F-16F7-4668-BE54-9A1E7A4F7556}") = "EnteredKey", "EnteredKey\EnteredKey.csproj", "{CED6477C-430D-41B7-822E-1A3FBFEF15EB}"
EndProject
Project("{9A19103F-16F7-4668-BE54-9A1E7A4F7556}") = "06", "06\06.csproj", "{F957B7A1-271F-4C3D-A823-B7BD56661858}"
EndProject
Project("{9A19103F-16F7-4668-BE54-9A1E7A4F7556}") = "061", "061\061.csproj", "{BE172995-5C92-43E7-A279-D8E21871F4EA}"
EndProject
Project("{9A19103F-16F7-4668-BE54-9A1E7A4F7556}") = "062", "062\062.csproj", "{4FCF54A8-70F7-45F5-B99F-E121C505E6CD}"
EndProject
Project("{9A19103F-16F7-4668-BE54-9A1E7A4F7556}") = "063", "063\063.csproj", "{B866D766-4FC1-4EBA-8837-053B8B514350}"
EndProject
Project("{9A19103F-16F7-4668-BE54-9A1E7A4F7556}") = "064", "064\064.csproj", "{57F1C562-0694-445A-914F-55AB6E406997}"
EndProject
Project("{FAE04EC0-301F-11D3-BF4B-00C04F79EFBC}") = "Annuitet", "Annuitet\Annuitet.csproj", "{8B4C8F2D-36E4-46AA-A878-B1D8F4EFDD64}"
EndProject
Global
	GlobalSection(SolutionConfigurationPlatforms) = preSolution
		Debug|Any CPU = Debug|Any CPU
		Release|Any CPU = Release|Any CPU
	EndGlobalSection
	GlobalSection(ProjectConfigurationPlatforms) = postSolution
		{CBB0A80A-1612-4AB6-BA88-105DE6703E98}.Debug|Any CPU.ActiveCfg = Debug|Any CPU
		{CBB0A80A-1612-4AB6-BA88-105DE6703E98}.Debug|Any CPU.Build.0 = Debug|Any CPU
		{CBB0A80A-1612-4AB6-BA88-105DE6703E98}.Release|Any CPU.ActiveCfg = Release|Any CPU
		{CBB0A80A-1612-4AB6-BA88-105DE6703E98}.Release|Any CPU.Build.0 = Release|Any CPU
		{3578B02E-E6F4-49DD-8F01-80D6C6412314}.Debug|Any CPU.ActiveCfg = Debug|Any CPU
		{3578B02E-E6F4-49DD-8F01-80D6C6412314}.Debug|Any CPU.Build.0 = Debug|Any CPU
		{3578B02E-E6F4-49DD-8F01-80D6C6412314}.Release|Any CPU.ActiveCfg = Release|Any CPU
		{3578B02E-E6F4-49DD-8F01-80D6C6412314}.Release|Any CPU.Build.0 = Release|Any CPU
		{CED6477C-430D-41B7-822E-1A3FBFEF15EB}.Debug|Any CPU.ActiveCfg = Debug|Any CPU
		{CED6477C-430D-41B7-822E-1A3FBFEF15EB}.Debug|Any CPU.Build.0 = Debug|Any CPU
		{CED6477C-430D-41B7-822E-1A3FBFEF15EB}.Release|Any CPU.ActiveCfg = Release|Any CPU
		{CED6477C-430D-41B7-822E-1A3FBFEF15EB}.Release|Any CPU.Build.0 = Release|Any CPU
		{F957B7A1-271F-4C3D-A823-B7BD56661858}.Debug|Any CPU.ActiveCfg = Debug|Any CPU
		{F957B7A1-271F-4C3D-A823-B7BD56661858}.Debug|Any CPU.Build.0 = Debug|Any CPU
		{F957B7A1-271F-4C3D-A823-B7BD56661858}.Release|Any CPU.ActiveCfg = Release|Any CPU
		{F957B7A1-271F-4C3D-A823-B7BD56661858}.Release|Any CPU.Build.0 = Release|Any CPU
		{BE172995-5C92-43E7-A279-D8E21871F4EA}.Debug|Any CPU.ActiveCfg = Debug|Any CPU
		{BE172995-5C92-43E7-A279-D8E21871F4EA}.Debug|Any CPU.Build.0 = Debug|Any CPU
		{BE172995-5C92-43E7-A279-D8E21871F4EA}.Release|Any CPU.ActiveCfg = Release|Any CPU
		{BE172995-5C92-43E7-A279-D8E21871F4EA}.Release|Any CPU.Build.0 = Release|Any CPU
		{4FCF54A8-70F7-45F5-B99F-E121C505E6CD}.Debug|Any CPU.ActiveCfg = Debug|Any CPU
		{4FCF54A8-70F7-45F5-B99F-E121C505E6CD}.Debug|Any CPU.Build.0 = Debug|Any CPU
		{4FCF54A8-70F7-45F5-B99F-E121C505E6CD}.Release|Any CPU.ActiveCfg = Release|Any CPU
		{4FCF54A8-70F7-45F5-B99F-E121C505E6CD}.Release|Any CPU.Build.0 = Release|Any CPU
		{B866D766-4FC1-4EBA-8837-053B8B514350}.Debug|Any CPU.ActiveCfg = Debug|Any CPU
		{B866D766-4FC1-4EBA-8837-053B8B514350}.Debug|Any CPU.Build.0 = Debug|Any CPU
		{B866D766-4FC1-4EBA-8837-053B8B514350}.Release|Any CPU.ActiveCfg = Release|Any CPU
		{B866D766-4FC1-4EBA-8837-053B8B514350}.Release|Any CPU.Build.0 = Release|Any CPU
		{57F1C562-0694-445A-914F-55AB6E406997}.Debug|Any CPU.ActiveCfg = Debug|Any CPU
		{57F1C562-0694-445A-914F-55AB6E406997}.Debug|Any CPU.Build.0 = Debug|Any CPU
		{57F1C562-0694-445A-914F-55AB6E406997}.Release|Any CPU.ActiveCfg = Release|Any CPU
		{57F1C562-0694-445A-914F-55AB6E406997}.Release|Any CPU.Build.0 = Release|Any CPU
		{8B4C8F2D-36E4-46AA-A878-B1D8F4EFDD64}.Debug|Any CPU.ActiveCfg = Debug|Any CPU
		{8B4C8F2D-36E4-46AA-A878-B1D8F4EFDD64}.Debug|Any CPU.Build.0 = Debug|Any CPU
		{8B4C8F2D-36E4-46AA-A878-B1D8F4EFDD64}.Release|Any CPU.ActiveCfg = Release|Any CPU
		{8B4C8F2D-36E4-46AA-A878-B1D8F4EFDD64}.Release|Any CPU.Build.0 = Release|Any CPU
	EndGlobalSection
	GlobalSection(SolutionProperties) = preSolution
		HideSolutionNode = FALSE
	EndGlobalSection
	GlobalSection(ExtensibilityGlobals) = postSolution
		SolutionGuid = {298E7F43-ABDA-4534-B697-2D76BC3A164B}
	EndGlobalSection
EndGlobal
