
Microsoft Visual Studio Solution File, Format Version 12.00
# Visual Studio 15
VisualStudioVersion = 15.0.28307.1800
MinimumVisualStudioVersion = 10.0.40219.1
Project("{9A19103F-16F7-4668-BE54-9A1E7A4F7556}") = "Calculator_Core", "Calculator_Core\Calculator_Core.csproj", "{CBB0A80A-1612-4AB6-BA88-105DE6703E98}"
EndProject
Project("{9A19103F-16F7-4668-BE54-9A1E7A4F7556}") = "BaseCalculations", "BaseCalculations\BaseCalculations.csproj", "{3578B02E-E6F4-49DD-8F01-80D6C6412314}"
EndProject
Project("{9A19103F-16F7-4668-BE54-9A1E7A4F7556}") = "EnteredKey", "EnteredKey\EnteredKey.csproj", "{CED6477C-430D-41B7-822E-1A3FBFEF15EB}"
EndProject
Project("{9A19103F-16F7-4668-BE54-9A1E7A4F7556}") = "06", "06\06.csproj", "{F957B7A1-271F-4C3D-A823-B7BD56661858}"
EndProject
Project("{9A19103F-16F7-4668-BE54-9A1E7A4F7556}") = "061", "061\061.csproj", "{BE172995-5C92-43E7-A279-D8E21871F4EA}"
EndProject
Project("{9A19103F-16F7-4668-BE54-9A1E7A4F7556}") = "062", "062\062.csproj", "{4FCF54A8-70F7-45F5-B99F-E121C505E6CD}"
EndProject
Project("{9A19103F-16F7-4668-BE54-9A1E7A4F7556}") = "063", "063\063.csproj", "{B866D766-4FC1-4EBA-8837-053B8B514350}"
EndProject
Project("{9A19103F-16F7-4668-BE54-9A1E7A4F7556}") = "064", "064\064.csproj", "{57F1C562-0694-445A-914F-55AB6E406997}"
EndProject
Project("{9A19103F-16F7-4668-BE54-9A1E7A4F7556}") = "Annuitet", "Annuitet\Annuitet.csproj", "{8B4C8F2D-36E4-46AA-A878-B1D8F4EFDD64}"
EndProject
Project("{9A19103F-16F7-4668-BE54-9A1E7A4F7556}") = "03", "03\03.csproj", "{395152F4-C0B9-44F4-BDE8-3E45B023EC55}"
EndProject
Project("{9A19103F-16F7-4668-BE54-9A1E7A4F7556}") = "031_arrays", "031_arrays\031_arrays.csproj", "{384EB6B1-5D02-4A30-9584-12C0EF37C787}"
EndProject
Project("{9A19103F-16F7-4668-BE54-9A1E7A4F7556}") = "032_table_pifagor", "032_table_pifagor\032_table_pifagor.csproj", "{E4DE1AB2-ABAC-417C-A68C-F5D325FB9B38}"
EndProject
Project("{9A19103F-16F7-4668-BE54-9A1E7A4F7556}") = "041_Hex_Bynary", "041_Hex_Bynary\041_Hex_Bynary.csproj", "{67B081A2-43A6-4244-8B4B-F77179D09A85}"
EndProject
Project("{9A19103F-16F7-4668-BE54-9A1E7A4F7556}") = "042_bit_mask", "042_bit_mask\042_bit_mask.csproj", "{47EAFD3F-F704-4D72-95CE-642196D64979}"
EndProject
Project("{9A19103F-16F7-4668-BE54-9A1E7A4F7556}") = "043_Palitra", "043_Palitra\043_Palitra.csproj", "{8727F6E0-A00C-4378-8036-637D39BEE3C4}"
EndProject
Project("{9A19103F-16F7-4668-BE54-9A1E7A4F7556}") = "044_Conteiners", "044_Conteiners\044_Conteiners.csproj", "{17B093FC-5C4D-4BC3-9A0F-47148DD932BB}"
EndProject
Project("{9A19103F-16F7-4668-BE54-9A1E7A4F7556}") = "05", "05\05.csproj", "{5101C4D5-6D35-491E-930D-0C7663DCF856}"
EndProject
Project("{9A19103F-16F7-4668-BE54-9A1E7A4F7556}") = "051_years", "051\051_years.csproj", "{4864465C-9670-4D46-B594-D326910E1296}"
EndProject
Project("{9A19103F-16F7-4668-BE54-9A1E7A4F7556}") = "052_ternar_operator", "052_ternar_operator\052_ternar_operator.csproj", "{4E16C678-C673-4133-963D-0770F40C8A27}"
EndProject
Project("{9A19103F-16F7-4668-BE54-9A1E7A4F7556}") = "053_switch", "053_switch\053_switch.csproj", "{674F0526-62A0-4442-9AF7-98EA207E0D9F}"
EndProject
Project("{9A19103F-16F7-4668-BE54-9A1E7A4F7556}") = "054_exception", "054\054_exception.csproj", "{0FC5E651-A6B6-42A1-B412-9830CBABBA28}"
EndProject
Project("{9A19103F-16F7-4668-BE54-9A1E7A4F7556}") = "07_string", "07_string\07_string.csproj", "{08B86138-04CA-4E01-9C86-38698CA2BAC1}"
EndProject
Project("{9A19103F-16F7-4668-BE54-9A1E7A4F7556}") = "EnumExample", "EnumExample\EnumExample.csproj", "{0C94859C-5993-4C6B-90AB-47659E34B665}"
EndProject
Project("{9A19103F-16F7-4668-BE54-9A1E7A4F7556}") = "071_Civilization", "071_Civilization\071_Civilization.csproj", "{8DD23FE6-B05C-42FD-974E-A6609EF39595}"
EndProject
Project("{9A19103F-16F7-4668-BE54-9A1E7A4F7556}") = "072_DirtyString", "072_DirtyString\072_DirtyString.csproj", "{ECC38086-A18A-43B0-9573-45645C2530CD}"
EndProject
Project("{9A19103F-16F7-4668-BE54-9A1E7A4F7556}") = "073_PascalCasing_CamelCasing", "073_PascalCasing_CamelCasing\073_PascalCasing_CamelCasing.csproj", "{62178356-1AC0-4D9F-AFA8-82924EB8FAF9}"
EndProject
Project("{9A19103F-16F7-4668-BE54-9A1E7A4F7556}") = "08_WriteToFile", "08_WriteToFile\08_WriteToFile.csproj", "{841FDEE8-B8CC-4204-8720-D8E9DA1341BC}"
EndProject
Project("{9A19103F-16F7-4668-BE54-9A1E7A4F7556}") = "081_ListExamples", "081_ListExamples\081_ListExamples.csproj", "{915BFFCA-0F00-4701-BCB3-ACC811B94C3F}"
EndProject
Project("{9A19103F-16F7-4668-BE54-9A1E7A4F7556}") = "082_DictionaryExample", "082_DictionaryExample\082_DictionaryExample.csproj", "{AC518FFB-9D04-4CCD-AE15-2E531458DD99}"
EndProject
Project("{9A19103F-16F7-4668-BE54-9A1E7A4F7556}") = "083_DictionaryGame", "083_DictionaryGame\083_DictionaryGame.csproj", "{6545C08D-1DFD-4A40-AC1E-A26136938381}"
EndProject
Project("{9A19103F-16F7-4668-BE54-9A1E7A4F7556}") = "084_QueueExample", "084_QueueExample\084_QueueExample.csproj", "{A995B07E-2769-4073-B4F1-CFBD49D37DF1}"
EndProject
Project("{9A19103F-16F7-4668-BE54-9A1E7A4F7556}") = "085_StackExample", "085_StackExample\085_StackExample.csproj", "{E0DB83AC-F91C-4AA5-97F5-4FD2A18FE784}"
EndProject
Project("{9A19103F-16F7-4668-BE54-9A1E7A4F7556}") = "086_CorectSkobki", "086_CorectSkobki\086_CorectSkobki.csproj", "{674F181C-5FC6-4138-92C8-8E42FB84A5A7}"
EndProject
Project("{9A19103F-16F7-4668-BE54-9A1E7A4F7556}") = "QuadraticEquation", "QuadraticEquation\QuadraticEquation.csproj", "{A09DA24F-0F2A-417F-A094-B097014E4908}"
EndProject
Global
	GlobalSection(SolutionConfigurationPlatforms) = preSolution
		Debug|Any CPU = Debug|Any CPU
		Release|Any CPU = Release|Any CPU
	EndGlobalSection
	GlobalSection(ProjectConfigurationPlatforms) = postSolution
		{CBB0A80A-1612-4AB6-BA88-105DE6703E98}.Debug|Any CPU.ActiveCfg = Debug|Any CPU
		{CBB0A80A-1612-4AB6-BA88-105DE6703E98}.Debug|Any CPU.Build.0 = Debug|Any CPU
		{CBB0A80A-1612-4AB6-BA88-105DE6703E98}.Release|Any CPU.ActiveCfg = Release|Any CPU
		{CBB0A80A-1612-4AB6-BA88-105DE6703E98}.Release|Any CPU.Build.0 = Release|Any CPU
		{3578B02E-E6F4-49DD-8F01-80D6C6412314}.Debug|Any CPU.ActiveCfg = Debug|Any CPU
		{3578B02E-E6F4-49DD-8F01-80D6C6412314}.Debug|Any CPU.Build.0 = Debug|Any CPU
		{3578B02E-E6F4-49DD-8F01-80D6C6412314}.Release|Any CPU.ActiveCfg = Release|Any CPU
		{3578B02E-E6F4-49DD-8F01-80D6C6412314}.Release|Any CPU.Build.0 = Release|Any CPU
		{CED6477C-430D-41B7-822E-1A3FBFEF15EB}.Debug|Any CPU.ActiveCfg = Debug|Any CPU
		{CED6477C-430D-41B7-822E-1A3FBFEF15EB}.Debug|Any CPU.Build.0 = Debug|Any CPU
		{CED6477C-430D-41B7-822E-1A3FBFEF15EB}.Release|Any CPU.ActiveCfg = Release|Any CPU
		{CED6477C-430D-41B7-822E-1A3FBFEF15EB}.Release|Any CPU.Build.0 = Release|Any CPU
		{F957B7A1-271F-4C3D-A823-B7BD56661858}.Debug|Any CPU.ActiveCfg = Debug|Any CPU
		{F957B7A1-271F-4C3D-A823-B7BD56661858}.Debug|Any CPU.Build.0 = Debug|Any CPU
		{F957B7A1-271F-4C3D-A823-B7BD56661858}.Release|Any CPU.ActiveCfg = Release|Any CPU
		{F957B7A1-271F-4C3D-A823-B7BD56661858}.Release|Any CPU.Build.0 = Release|Any CPU
		{BE172995-5C92-43E7-A279-D8E21871F4EA}.Debug|Any CPU.ActiveCfg = Debug|Any CPU
		{BE172995-5C92-43E7-A279-D8E21871F4EA}.Debug|Any CPU.Build.0 = Debug|Any CPU
		{BE172995-5C92-43E7-A279-D8E21871F4EA}.Release|Any CPU.ActiveCfg = Release|Any CPU
		{BE172995-5C92-43E7-A279-D8E21871F4EA}.Release|Any CPU.Build.0 = Release|Any CPU
		{4FCF54A8-70F7-45F5-B99F-E121C505E6CD}.Debug|Any CPU.ActiveCfg = Debug|Any CPU
		{4FCF54A8-70F7-45F5-B99F-E121C505E6CD}.Debug|Any CPU.Build.0 = Debug|Any CPU
		{4FCF54A8-70F7-45F5-B99F-E121C505E6CD}.Release|Any CPU.ActiveCfg = Release|Any CPU
		{4FCF54A8-70F7-45F5-B99F-E121C505E6CD}.Release|Any CPU.Build.0 = Release|Any CPU
		{B866D766-4FC1-4EBA-8837-053B8B514350}.Debug|Any CPU.ActiveCfg = Debug|Any CPU
		{B866D766-4FC1-4EBA-8837-053B8B514350}.Debug|Any CPU.Build.0 = Debug|Any CPU
		{B866D766-4FC1-4EBA-8837-053B8B514350}.Release|Any CPU.ActiveCfg = Release|Any CPU
		{B866D766-4FC1-4EBA-8837-053B8B514350}.Release|Any CPU.Build.0 = Release|Any CPU
		{57F1C562-0694-445A-914F-55AB6E406997}.Debug|Any CPU.ActiveCfg = Debug|Any CPU
		{57F1C562-0694-445A-914F-55AB6E406997}.Debug|Any CPU.Build.0 = Debug|Any CPU
		{57F1C562-0694-445A-914F-55AB6E406997}.Release|Any CPU.ActiveCfg = Release|Any CPU
		{57F1C562-0694-445A-914F-55AB6E406997}.Release|Any CPU.Build.0 = Release|Any CPU
		{8B4C8F2D-36E4-46AA-A878-B1D8F4EFDD64}.Debug|Any CPU.ActiveCfg = Debug|Any CPU
		{8B4C8F2D-36E4-46AA-A878-B1D8F4EFDD64}.Debug|Any CPU.Build.0 = Debug|Any CPU
		{8B4C8F2D-36E4-46AA-A878-B1D8F4EFDD64}.Release|Any CPU.ActiveCfg = Release|Any CPU
		{8B4C8F2D-36E4-46AA-A878-B1D8F4EFDD64}.Release|Any CPU.Build.0 = Release|Any CPU
		{395152F4-C0B9-44F4-BDE8-3E45B023EC55}.Debug|Any CPU.ActiveCfg = Debug|Any CPU
		{395152F4-C0B9-44F4-BDE8-3E45B023EC55}.Debug|Any CPU.Build.0 = Debug|Any CPU
		{395152F4-C0B9-44F4-BDE8-3E45B023EC55}.Release|Any CPU.ActiveCfg = Release|Any CPU
		{395152F4-C0B9-44F4-BDE8-3E45B023EC55}.Release|Any CPU.Build.0 = Release|Any CPU
		{384EB6B1-5D02-4A30-9584-12C0EF37C787}.Debug|Any CPU.ActiveCfg = Debug|Any CPU
		{384EB6B1-5D02-4A30-9584-12C0EF37C787}.Debug|Any CPU.Build.0 = Debug|Any CPU
		{384EB6B1-5D02-4A30-9584-12C0EF37C787}.Release|Any CPU.ActiveCfg = Release|Any CPU
		{384EB6B1-5D02-4A30-9584-12C0EF37C787}.Release|Any CPU.Build.0 = Release|Any CPU
		{E4DE1AB2-ABAC-417C-A68C-F5D325FB9B38}.Debug|Any CPU.ActiveCfg = Debug|Any CPU
		{E4DE1AB2-ABAC-417C-A68C-F5D325FB9B38}.Debug|Any CPU.Build.0 = Debug|Any CPU
		{E4DE1AB2-ABAC-417C-A68C-F5D325FB9B38}.Release|Any CPU.ActiveCfg = Release|Any CPU
		{E4DE1AB2-ABAC-417C-A68C-F5D325FB9B38}.Release|Any CPU.Build.0 = Release|Any CPU
		{67B081A2-43A6-4244-8B4B-F77179D09A85}.Debug|Any CPU.ActiveCfg = Debug|Any CPU
		{67B081A2-43A6-4244-8B4B-F77179D09A85}.Debug|Any CPU.Build.0 = Debug|Any CPU
		{67B081A2-43A6-4244-8B4B-F77179D09A85}.Release|Any CPU.ActiveCfg = Release|Any CPU
		{67B081A2-43A6-4244-8B4B-F77179D09A85}.Release|Any CPU.Build.0 = Release|Any CPU
		{47EAFD3F-F704-4D72-95CE-642196D64979}.Debug|Any CPU.ActiveCfg = Debug|Any CPU
		{47EAFD3F-F704-4D72-95CE-642196D64979}.Debug|Any CPU.Build.0 = Debug|Any CPU
		{47EAFD3F-F704-4D72-95CE-642196D64979}.Release|Any CPU.ActiveCfg = Release|Any CPU
		{47EAFD3F-F704-4D72-95CE-642196D64979}.Release|Any CPU.Build.0 = Release|Any CPU
		{8727F6E0-A00C-4378-8036-637D39BEE3C4}.Debug|Any CPU.ActiveCfg = Debug|Any CPU
		{8727F6E0-A00C-4378-8036-637D39BEE3C4}.Debug|Any CPU.Build.0 = Debug|Any CPU
		{8727F6E0-A00C-4378-8036-637D39BEE3C4}.Release|Any CPU.ActiveCfg = Release|Any CPU
		{8727F6E0-A00C-4378-8036-637D39BEE3C4}.Release|Any CPU.Build.0 = Release|Any CPU
		{17B093FC-5C4D-4BC3-9A0F-47148DD932BB}.Debug|Any CPU.ActiveCfg = Debug|Any CPU
		{17B093FC-5C4D-4BC3-9A0F-47148DD932BB}.Debug|Any CPU.Build.0 = Debug|Any CPU
		{17B093FC-5C4D-4BC3-9A0F-47148DD932BB}.Release|Any CPU.ActiveCfg = Release|Any CPU
		{17B093FC-5C4D-4BC3-9A0F-47148DD932BB}.Release|Any CPU.Build.0 = Release|Any CPU
		{5101C4D5-6D35-491E-930D-0C7663DCF856}.Debug|Any CPU.ActiveCfg = Debug|Any CPU
		{5101C4D5-6D35-491E-930D-0C7663DCF856}.Debug|Any CPU.Build.0 = Debug|Any CPU
		{5101C4D5-6D35-491E-930D-0C7663DCF856}.Release|Any CPU.ActiveCfg = Release|Any CPU
		{5101C4D5-6D35-491E-930D-0C7663DCF856}.Release|Any CPU.Build.0 = Release|Any CPU
		{4864465C-9670-4D46-B594-D326910E1296}.Debug|Any CPU.ActiveCfg = Debug|Any CPU
		{4864465C-9670-4D46-B594-D326910E1296}.Debug|Any CPU.Build.0 = Debug|Any CPU
		{4864465C-9670-4D46-B594-D326910E1296}.Release|Any CPU.ActiveCfg = Release|Any CPU
		{4864465C-9670-4D46-B594-D326910E1296}.Release|Any CPU.Build.0 = Release|Any CPU
		{4E16C678-C673-4133-963D-0770F40C8A27}.Debug|Any CPU.ActiveCfg = Debug|Any CPU
		{4E16C678-C673-4133-963D-0770F40C8A27}.Debug|Any CPU.Build.0 = Debug|Any CPU
		{4E16C678-C673-4133-963D-0770F40C8A27}.Release|Any CPU.ActiveCfg = Release|Any CPU
		{4E16C678-C673-4133-963D-0770F40C8A27}.Release|Any CPU.Build.0 = Release|Any CPU
		{674F0526-62A0-4442-9AF7-98EA207E0D9F}.Debug|Any CPU.ActiveCfg = Debug|Any CPU
		{674F0526-62A0-4442-9AF7-98EA207E0D9F}.Debug|Any CPU.Build.0 = Debug|Any CPU
		{674F0526-62A0-4442-9AF7-98EA207E0D9F}.Release|Any CPU.ActiveCfg = Release|Any CPU
		{674F0526-62A0-4442-9AF7-98EA207E0D9F}.Release|Any CPU.Build.0 = Release|Any CPU
		{0FC5E651-A6B6-42A1-B412-9830CBABBA28}.Debug|Any CPU.ActiveCfg = Debug|Any CPU
		{0FC5E651-A6B6-42A1-B412-9830CBABBA28}.Debug|Any CPU.Build.0 = Debug|Any CPU
		{0FC5E651-A6B6-42A1-B412-9830CBABBA28}.Release|Any CPU.ActiveCfg = Release|Any CPU
		{0FC5E651-A6B6-42A1-B412-9830CBABBA28}.Release|Any CPU.Build.0 = Release|Any CPU
		{08B86138-04CA-4E01-9C86-38698CA2BAC1}.Debug|Any CPU.ActiveCfg = Debug|Any CPU
		{08B86138-04CA-4E01-9C86-38698CA2BAC1}.Debug|Any CPU.Build.0 = Debug|Any CPU
		{08B86138-04CA-4E01-9C86-38698CA2BAC1}.Release|Any CPU.ActiveCfg = Release|Any CPU
		{08B86138-04CA-4E01-9C86-38698CA2BAC1}.Release|Any CPU.Build.0 = Release|Any CPU
		{0C94859C-5993-4C6B-90AB-47659E34B665}.Debug|Any CPU.ActiveCfg = Debug|Any CPU
		{0C94859C-5993-4C6B-90AB-47659E34B665}.Debug|Any CPU.Build.0 = Debug|Any CPU
		{0C94859C-5993-4C6B-90AB-47659E34B665}.Release|Any CPU.ActiveCfg = Release|Any CPU
		{0C94859C-5993-4C6B-90AB-47659E34B665}.Release|Any CPU.Build.0 = Release|Any CPU
		{8DD23FE6-B05C-42FD-974E-A6609EF39595}.Debug|Any CPU.ActiveCfg = Debug|Any CPU
		{8DD23FE6-B05C-42FD-974E-A6609EF39595}.Debug|Any CPU.Build.0 = Debug|Any CPU
		{8DD23FE6-B05C-42FD-974E-A6609EF39595}.Release|Any CPU.ActiveCfg = Release|Any CPU
		{8DD23FE6-B05C-42FD-974E-A6609EF39595}.Release|Any CPU.Build.0 = Release|Any CPU
		{ECC38086-A18A-43B0-9573-45645C2530CD}.Debug|Any CPU.ActiveCfg = Debug|Any CPU
		{ECC38086-A18A-43B0-9573-45645C2530CD}.Debug|Any CPU.Build.0 = Debug|Any CPU
		{ECC38086-A18A-43B0-9573-45645C2530CD}.Release|Any CPU.ActiveCfg = Release|Any CPU
		{ECC38086-A18A-43B0-9573-45645C2530CD}.Release|Any CPU.Build.0 = Release|Any CPU
		{62178356-1AC0-4D9F-AFA8-82924EB8FAF9}.Debug|Any CPU.ActiveCfg = Debug|Any CPU
		{62178356-1AC0-4D9F-AFA8-82924EB8FAF9}.Debug|Any CPU.Build.0 = Debug|Any CPU
		{62178356-1AC0-4D9F-AFA8-82924EB8FAF9}.Release|Any CPU.ActiveCfg = Release|Any CPU
		{62178356-1AC0-4D9F-AFA8-82924EB8FAF9}.Release|Any CPU.Build.0 = Release|Any CPU
		{841FDEE8-B8CC-4204-8720-D8E9DA1341BC}.Debug|Any CPU.ActiveCfg = Debug|Any CPU
		{841FDEE8-B8CC-4204-8720-D8E9DA1341BC}.Debug|Any CPU.Build.0 = Debug|Any CPU
		{841FDEE8-B8CC-4204-8720-D8E9DA1341BC}.Release|Any CPU.ActiveCfg = Release|Any CPU
		{841FDEE8-B8CC-4204-8720-D8E9DA1341BC}.Release|Any CPU.Build.0 = Release|Any CPU
		{915BFFCA-0F00-4701-BCB3-ACC811B94C3F}.Debug|Any CPU.ActiveCfg = Debug|Any CPU
		{915BFFCA-0F00-4701-BCB3-ACC811B94C3F}.Debug|Any CPU.Build.0 = Debug|Any CPU
		{915BFFCA-0F00-4701-BCB3-ACC811B94C3F}.Release|Any CPU.ActiveCfg = Release|Any CPU
		{915BFFCA-0F00-4701-BCB3-ACC811B94C3F}.Release|Any CPU.Build.0 = Release|Any CPU
		{AC518FFB-9D04-4CCD-AE15-2E531458DD99}.Debug|Any CPU.ActiveCfg = Debug|Any CPU
		{AC518FFB-9D04-4CCD-AE15-2E531458DD99}.Debug|Any CPU.Build.0 = Debug|Any CPU
		{AC518FFB-9D04-4CCD-AE15-2E531458DD99}.Release|Any CPU.ActiveCfg = Release|Any CPU
		{AC518FFB-9D04-4CCD-AE15-2E531458DD99}.Release|Any CPU.Build.0 = Release|Any CPU
		{6545C08D-1DFD-4A40-AC1E-A26136938381}.Debug|Any CPU.ActiveCfg = Debug|Any CPU
		{6545C08D-1DFD-4A40-AC1E-A26136938381}.Debug|Any CPU.Build.0 = Debug|Any CPU
		{6545C08D-1DFD-4A40-AC1E-A26136938381}.Release|Any CPU.ActiveCfg = Release|Any CPU
		{6545C08D-1DFD-4A40-AC1E-A26136938381}.Release|Any CPU.Build.0 = Release|Any CPU
		{A995B07E-2769-4073-B4F1-CFBD49D37DF1}.Debug|Any CPU.ActiveCfg = Debug|Any CPU
		{A995B07E-2769-4073-B4F1-CFBD49D37DF1}.Debug|Any CPU.Build.0 = Debug|Any CPU
		{A995B07E-2769-4073-B4F1-CFBD49D37DF1}.Release|Any CPU.ActiveCfg = Release|Any CPU
		{A995B07E-2769-4073-B4F1-CFBD49D37DF1}.Release|Any CPU.Build.0 = Release|Any CPU
		{E0DB83AC-F91C-4AA5-97F5-4FD2A18FE784}.Debug|Any CPU.ActiveCfg = Debug|Any CPU
		{E0DB83AC-F91C-4AA5-97F5-4FD2A18FE784}.Debug|Any CPU.Build.0 = Debug|Any CPU
		{E0DB83AC-F91C-4AA5-97F5-4FD2A18FE784}.Release|Any CPU.ActiveCfg = Release|Any CPU
		{E0DB83AC-F91C-4AA5-97F5-4FD2A18FE784}.Release|Any CPU.Build.0 = Release|Any CPU
		{674F181C-5FC6-4138-92C8-8E42FB84A5A7}.Debug|Any CPU.ActiveCfg = Debug|Any CPU
		{674F181C-5FC6-4138-92C8-8E42FB84A5A7}.Debug|Any CPU.Build.0 = Debug|Any CPU
		{674F181C-5FC6-4138-92C8-8E42FB84A5A7}.Release|Any CPU.ActiveCfg = Release|Any CPU
		{674F181C-5FC6-4138-92C8-8E42FB84A5A7}.Release|Any CPU.Build.0 = Release|Any CPU
		{A09DA24F-0F2A-417F-A094-B097014E4908}.Debug|Any CPU.ActiveCfg = Debug|Any CPU
		{A09DA24F-0F2A-417F-A094-B097014E4908}.Debug|Any CPU.Build.0 = Debug|Any CPU
		{A09DA24F-0F2A-417F-A094-B097014E4908}.Release|Any CPU.ActiveCfg = Release|Any CPU
		{A09DA24F-0F2A-417F-A094-B097014E4908}.Release|Any CPU.Build.0 = Release|Any CPU
	EndGlobalSection
	GlobalSection(SolutionProperties) = preSolution
		HideSolutionNode = FALSE
	EndGlobalSection
	GlobalSection(ExtensibilityGlobals) = postSolution
		SolutionGuid = {298E7F43-ABDA-4534-B697-2D76BC3A164B}
	EndGlobalSection
EndGlobal
